// !$*UTF8*$!
{
	archiveVersion = 1;
	classes = {
	};
	objectVersion = 50;
	objects = {

/* Begin PBXBuildFile section */
		5CE24D471EAAD651562BBEC1 /* Pods_MealPlan.framework in Frameworks */ = {isa = PBXBuildFile; fileRef = 7CCEE3EA7654681829386709 /* Pods_MealPlan.framework */; };
		AD1D922E209B6B5200B9AFE9 /* MPHttpRequest.swift in Sources */ = {isa = PBXBuildFile; fileRef = AD1D922D209B6B5200B9AFE9 /* MPHttpRequest.swift */; };
		AD1D9230209B737400B9AFE9 /* MPError.swift in Sources */ = {isa = PBXBuildFile; fileRef = AD1D922F209B737400B9AFE9 /* MPError.swift */; };
		AD1D9232209B759F00B9AFE9 /* MPHttpClient.swift in Sources */ = {isa = PBXBuildFile; fileRef = AD1D9231209B759F00B9AFE9 /* MPHttpClient.swift */; };
		AD2C8E362096EFAD0083B229 /* AppDelegate.swift in Sources */ = {isa = PBXBuildFile; fileRef = AD2C8E352096EFAD0083B229 /* AppDelegate.swift */; };
		AD2C8E382096EFAD0083B229 /* ViewController.swift in Sources */ = {isa = PBXBuildFile; fileRef = AD2C8E372096EFAD0083B229 /* ViewController.swift */; };
		AD2C8E3B2096EFAD0083B229 /* Main.storyboard in Resources */ = {isa = PBXBuildFile; fileRef = AD2C8E392096EFAD0083B229 /* Main.storyboard */; };
		AD2C8E3D2096EFAF0083B229 /* Assets.xcassets in Resources */ = {isa = PBXBuildFile; fileRef = AD2C8E3C2096EFAF0083B229 /* Assets.xcassets */; };
		AD2C8E402096EFAF0083B229 /* LaunchScreen.storyboard in Resources */ = {isa = PBXBuildFile; fileRef = AD2C8E3E2096EFAF0083B229 /* LaunchScreen.storyboard */; };
		AD2C8E4C20971AFA0083B229 /* CustomCell.swift in Sources */ = {isa = PBXBuildFile; fileRef = AD2C8E4B20971AFA0083B229 /* CustomCell.swift */; };
		AD2C8E4F2097558C0083B229 /* CalendarCell.swift in Sources */ = {isa = PBXBuildFile; fileRef = AD2C8E4D2097558C0083B229 /* CalendarCell.swift */; };
		AD2C8E502097558C0083B229 /* CalendarCell.xib in Resources */ = {isa = PBXBuildFile; fileRef = AD2C8E4E2097558C0083B229 /* CalendarCell.xib */; };
		AD428EE220A2C66700A04A32 /* RealmManager.swift in Sources */ = {isa = PBXBuildFile; fileRef = AD428EE120A2C66700A04A32 /* RealmManager.swift */; };
		AD428EE420A2C6C200A04A32 /* RecipeCalendarModel.swift in Sources */ = {isa = PBXBuildFile; fileRef = AD428EE320A2C6C200A04A32 /* RecipeCalendarModel.swift */; };
		AD4E2CF320A14C6300C4573F /* RecipeSearchResultCell.swift in Sources */ = {isa = PBXBuildFile; fileRef = AD4E2CF120A14C6300C4573F /* RecipeSearchResultCell.swift */; };
		AD4E2CF420A14C6300C4573F /* RecipeSearchResultCell.xib in Resources */ = {isa = PBXBuildFile; fileRef = AD4E2CF220A14C6300C4573F /* RecipeSearchResultCell.xib */; };
		AD4E2CF720A175E700C4573F /* AddPageAnimationController.swift in Sources */ = {isa = PBXBuildFile; fileRef = AD4E2CF620A175E700C4573F /* AddPageAnimationController.swift */; };
		AD53A1F4209FF15D0016E4D1 /* MPTagViewController.swift in Sources */ = {isa = PBXBuildFile; fileRef = AD53A1F3209FF15D0016E4D1 /* MPTagViewController.swift */; };
		AD566B49209B0545009915F3 /* AddPageHistoryController.swift in Sources */ = {isa = PBXBuildFile; fileRef = AD566B48209B0545009915F3 /* AddPageHistoryController.swift */; };
		AD566B4B209B0649009915F3 /* AddPageViewController.swift in Sources */ = {isa = PBXBuildFile; fileRef = AD566B4A209B0649009915F3 /* AddPageViewController.swift */; };
		AD566B4D209B0B6F009915F3 /* AddPagePickupController.swift in Sources */ = {isa = PBXBuildFile; fileRef = AD566B4C209B0B6F009915F3 /* AddPagePickupController.swift */; };
		AD679E5C209C284E00039ED4 /* RecipeModel.swift in Sources */ = {isa = PBXBuildFile; fileRef = AD679E5B209C284E00039ED4 /* RecipeModel.swift */; };
		AD679E5E209C308500039ED4 /* RecipeProvider.swift in Sources */ = {isa = PBXBuildFile; fileRef = AD679E5D209C308500039ED4 /* RecipeProvider.swift */; };
		AD679E60209C37ED00039ED4 /* RecipeManager.swift in Sources */ = {isa = PBXBuildFile; fileRef = AD679E5F209C37ED00039ED4 /* RecipeManager.swift */; };
		AD7044242099A5590022E15D /* MPPieChart.swift in Sources */ = {isa = PBXBuildFile; fileRef = AD7044232099A5590022E15D /* MPPieChart.swift */; };
		AD8A087B209EB47600C3DB84 /* AddPagePopupTableViewController.swift in Sources */ = {isa = PBXBuildFile; fileRef = AD8A087A209EB47600C3DB84 /* AddPagePopupTableViewController.swift */; };
		AD8A087E209ED65000C3DB84 /* RecipeTableViewCell.swift in Sources */ = {isa = PBXBuildFile; fileRef = AD8A087C209ED65000C3DB84 /* RecipeTableViewCell.swift */; };
		AD8A087F209ED65000C3DB84 /* RecipeTableViewCell.xib in Resources */ = {isa = PBXBuildFile; fileRef = AD8A087D209ED65000C3DB84 /* RecipeTableViewCell.xib */; };
		AD8A0882209F41B800C3DB84 /* RecipeClassModel.swift in Sources */ = {isa = PBXBuildFile; fileRef = AD8A0881209F41B800C3DB84 /* RecipeClassModel.swift */; };
		ADA4342420A03C6E002C7148 /* AddPageTag.swift in Sources */ = {isa = PBXBuildFile; fileRef = ADA4342320A03C6E002C7148 /* AddPageTag.swift */; };
		ADA4342620A04B16002C7148 /* SearchViewController.swift in Sources */ = {isa = PBXBuildFile; fileRef = ADA4342520A04B16002C7148 /* SearchViewController.swift */; };
		ADAEAC2B20981F33001B44CF /* MPTableViewController.swift in Sources */ = {isa = PBXBuildFile; fileRef = ADAEAC2A20981F33001B44CF /* MPTableViewController.swift */; };
		ADAEAC2D20983CA6001B44CF /* TestViewController.swift in Sources */ = {isa = PBXBuildFile; fileRef = ADAEAC2C20983CA6001B44CF /* TestViewController.swift */; };
		ADAEAC3220984E87001B44CF /* HorizontalCollectionViewCell.swift in Sources */ = {isa = PBXBuildFile; fileRef = ADAEAC3020984E87001B44CF /* HorizontalCollectionViewCell.swift */; };
		ADAEAC3320984E87001B44CF /* HorizontalCollectionViewCell.xib in Resources */ = {isa = PBXBuildFile; fileRef = ADAEAC3120984E87001B44CF /* HorizontalCollectionViewCell.xib */; };
		ADAEAC372098506B001B44CF /* HorizontalCollectionView.swift in Sources */ = {isa = PBXBuildFile; fileRef = ADAEAC352098506B001B44CF /* HorizontalCollectionView.swift */; };
		ADAEAC382098506B001B44CF /* HorizontalCollectionView.xib in Resources */ = {isa = PBXBuildFile; fileRef = ADAEAC362098506B001B44CF /* HorizontalCollectionView.xib */; };
		ADAEAC3B20985B98001B44CF /* MPCollectionViewController.swift in Sources */ = {isa = PBXBuildFile; fileRef = ADAEAC3A20985B98001B44CF /* MPCollectionViewController.swift */; };
		ADAEAC4520985E53001B44CF /* MPCalendarView.swift in Sources */ = {isa = PBXBuildFile; fileRef = ADAEAC4420985E53001B44CF /* MPCalendarView.swift */; };
		ADAEAC482098670A001B44CF /* CalendarCollectionView.swift in Sources */ = {isa = PBXBuildFile; fileRef = ADAEAC462098670A001B44CF /* CalendarCollectionView.swift */; };
		ADAEAC492098670A001B44CF /* CalendarCollectionView.xib in Resources */ = {isa = PBXBuildFile; fileRef = ADAEAC472098670A001B44CF /* CalendarCollectionView.xib */; };
/* End PBXBuildFile section */

/* Begin PBXFileReference section */
		7CCEE3EA7654681829386709 /* Pods_MealPlan.framework */ = {isa = PBXFileReference; explicitFileType = wrapper.framework; includeInIndex = 0; path = Pods_MealPlan.framework; sourceTree = BUILT_PRODUCTS_DIR; };
		91D3A854EB771AFC1F089BC5 /* Pods-MealPlan.debug.xcconfig */ = {isa = PBXFileReference; includeInIndex = 1; lastKnownFileType = text.xcconfig; name = "Pods-MealPlan.debug.xcconfig"; path = "Pods/Target Support Files/Pods-MealPlan/Pods-MealPlan.debug.xcconfig"; sourceTree = "<group>"; };
		AD1D922D209B6B5200B9AFE9 /* MPHttpRequest.swift */ = {isa = PBXFileReference; lastKnownFileType = sourcecode.swift; path = MPHttpRequest.swift; sourceTree = "<group>"; };
		AD1D922F209B737400B9AFE9 /* MPError.swift */ = {isa = PBXFileReference; lastKnownFileType = sourcecode.swift; path = MPError.swift; sourceTree = "<group>"; };
		AD1D9231209B759F00B9AFE9 /* MPHttpClient.swift */ = {isa = PBXFileReference; lastKnownFileType = sourcecode.swift; path = MPHttpClient.swift; sourceTree = "<group>"; };
		AD2C8E322096EFAD0083B229 /* MealPlan.app */ = {isa = PBXFileReference; explicitFileType = wrapper.application; includeInIndex = 0; path = MealPlan.app; sourceTree = BUILT_PRODUCTS_DIR; };
		AD2C8E352096EFAD0083B229 /* AppDelegate.swift */ = {isa = PBXFileReference; lastKnownFileType = sourcecode.swift; path = AppDelegate.swift; sourceTree = "<group>"; };
		AD2C8E372096EFAD0083B229 /* ViewController.swift */ = {isa = PBXFileReference; lastKnownFileType = sourcecode.swift; path = ViewController.swift; sourceTree = "<group>"; };
		AD2C8E3A2096EFAD0083B229 /* Base */ = {isa = PBXFileReference; lastKnownFileType = file.storyboard; name = Base; path = Base.lproj/Main.storyboard; sourceTree = "<group>"; };
		AD2C8E3C2096EFAF0083B229 /* Assets.xcassets */ = {isa = PBXFileReference; lastKnownFileType = folder.assetcatalog; path = Assets.xcassets; sourceTree = "<group>"; };
		AD2C8E3F2096EFAF0083B229 /* Base */ = {isa = PBXFileReference; lastKnownFileType = file.storyboard; name = Base; path = Base.lproj/LaunchScreen.storyboard; sourceTree = "<group>"; };
		AD2C8E412096EFAF0083B229 /* Info.plist */ = {isa = PBXFileReference; lastKnownFileType = text.plist.xml; path = Info.plist; sourceTree = "<group>"; };
		AD2C8E4B20971AFA0083B229 /* CustomCell.swift */ = {isa = PBXFileReference; lastKnownFileType = sourcecode.swift; path = CustomCell.swift; sourceTree = "<group>"; };
		AD2C8E4D2097558C0083B229 /* CalendarCell.swift */ = {isa = PBXFileReference; lastKnownFileType = sourcecode.swift; path = CalendarCell.swift; sourceTree = "<group>"; };
		AD2C8E4E2097558C0083B229 /* CalendarCell.xib */ = {isa = PBXFileReference; lastKnownFileType = file.xib; path = CalendarCell.xib; sourceTree = "<group>"; };
		AD428EE120A2C66700A04A32 /* RealmManager.swift */ = {isa = PBXFileReference; lastKnownFileType = sourcecode.swift; path = RealmManager.swift; sourceTree = "<group>"; };
		AD428EE320A2C6C200A04A32 /* RecipeCalendarModel.swift */ = {isa = PBXFileReference; lastKnownFileType = sourcecode.swift; path = RecipeCalendarModel.swift; sourceTree = "<group>"; };
		AD4E2CF120A14C6300C4573F /* RecipeSearchResultCell.swift */ = {isa = PBXFileReference; lastKnownFileType = sourcecode.swift; path = RecipeSearchResultCell.swift; sourceTree = "<group>"; };
		AD4E2CF220A14C6300C4573F /* RecipeSearchResultCell.xib */ = {isa = PBXFileReference; lastKnownFileType = file.xib; path = RecipeSearchResultCell.xib; sourceTree = "<group>"; };
		AD4E2CF620A175E700C4573F /* AddPageAnimationController.swift */ = {isa = PBXFileReference; lastKnownFileType = sourcecode.swift; path = AddPageAnimationController.swift; sourceTree = "<group>"; };
		AD53A1F3209FF15D0016E4D1 /* MPTagViewController.swift */ = {isa = PBXFileReference; lastKnownFileType = sourcecode.swift; path = MPTagViewController.swift; sourceTree = "<group>"; };
		AD566B48209B0545009915F3 /* AddPageHistoryController.swift */ = {isa = PBXFileReference; lastKnownFileType = sourcecode.swift; path = AddPageHistoryController.swift; sourceTree = "<group>"; };
		AD566B4A209B0649009915F3 /* AddPageViewController.swift */ = {isa = PBXFileReference; lastKnownFileType = sourcecode.swift; path = AddPageViewController.swift; sourceTree = "<group>"; };
		AD566B4C209B0B6F009915F3 /* AddPagePickupController.swift */ = {isa = PBXFileReference; lastKnownFileType = sourcecode.swift; path = AddPagePickupController.swift; sourceTree = "<group>"; };
		AD679E5B209C284E00039ED4 /* RecipeModel.swift */ = {isa = PBXFileReference; lastKnownFileType = sourcecode.swift; path = RecipeModel.swift; sourceTree = "<group>"; };
		AD679E5D209C308500039ED4 /* RecipeProvider.swift */ = {isa = PBXFileReference; lastKnownFileType = sourcecode.swift; path = RecipeProvider.swift; sourceTree = "<group>"; };
		AD679E5F209C37ED00039ED4 /* RecipeManager.swift */ = {isa = PBXFileReference; lastKnownFileType = sourcecode.swift; path = RecipeManager.swift; sourceTree = "<group>"; };
		AD7044232099A5590022E15D /* MPPieChart.swift */ = {isa = PBXFileReference; lastKnownFileType = sourcecode.swift; path = MPPieChart.swift; sourceTree = "<group>"; };
		AD8A087A209EB47600C3DB84 /* AddPagePopupTableViewController.swift */ = {isa = PBXFileReference; lastKnownFileType = sourcecode.swift; path = AddPagePopupTableViewController.swift; sourceTree = "<group>"; };
		AD8A087C209ED65000C3DB84 /* RecipeTableViewCell.swift */ = {isa = PBXFileReference; lastKnownFileType = sourcecode.swift; path = RecipeTableViewCell.swift; sourceTree = "<group>"; };
		AD8A087D209ED65000C3DB84 /* RecipeTableViewCell.xib */ = {isa = PBXFileReference; lastKnownFileType = file.xib; path = RecipeTableViewCell.xib; sourceTree = "<group>"; };
		AD8A0881209F41B800C3DB84 /* RecipeClassModel.swift */ = {isa = PBXFileReference; lastKnownFileType = sourcecode.swift; path = RecipeClassModel.swift; sourceTree = "<group>"; };
		ADA4342320A03C6E002C7148 /* AddPageTag.swift */ = {isa = PBXFileReference; lastKnownFileType = sourcecode.swift; path = AddPageTag.swift; sourceTree = "<group>"; };
		ADA4342520A04B16002C7148 /* SearchViewController.swift */ = {isa = PBXFileReference; lastKnownFileType = sourcecode.swift; path = SearchViewController.swift; sourceTree = "<group>"; };
		ADAEAC2A20981F33001B44CF /* MPTableViewController.swift */ = {isa = PBXFileReference; lastKnownFileType = sourcecode.swift; path = MPTableViewController.swift; sourceTree = "<group>"; };
		ADAEAC2C20983CA6001B44CF /* TestViewController.swift */ = {isa = PBXFileReference; lastKnownFileType = sourcecode.swift; path = TestViewController.swift; sourceTree = "<group>"; };
		ADAEAC3020984E87001B44CF /* HorizontalCollectionViewCell.swift */ = {isa = PBXFileReference; lastKnownFileType = sourcecode.swift; path = HorizontalCollectionViewCell.swift; sourceTree = "<group>"; };
		ADAEAC3120984E87001B44CF /* HorizontalCollectionViewCell.xib */ = {isa = PBXFileReference; lastKnownFileType = file.xib; path = HorizontalCollectionViewCell.xib; sourceTree = "<group>"; };
		ADAEAC352098506B001B44CF /* HorizontalCollectionView.swift */ = {isa = PBXFileReference; lastKnownFileType = sourcecode.swift; path = HorizontalCollectionView.swift; sourceTree = "<group>"; };
		ADAEAC362098506B001B44CF /* HorizontalCollectionView.xib */ = {isa = PBXFileReference; lastKnownFileType = file.xib; path = HorizontalCollectionView.xib; sourceTree = "<group>"; };
		ADAEAC3A20985B98001B44CF /* MPCollectionViewController.swift */ = {isa = PBXFileReference; lastKnownFileType = sourcecode.swift; path = MPCollectionViewController.swift; sourceTree = "<group>"; };
		ADAEAC4420985E53001B44CF /* MPCalendarView.swift */ = {isa = PBXFileReference; lastKnownFileType = sourcecode.swift; path = MPCalendarView.swift; sourceTree = "<group>"; };
		ADAEAC462098670A001B44CF /* CalendarCollectionView.swift */ = {isa = PBXFileReference; lastKnownFileType = sourcecode.swift; path = CalendarCollectionView.swift; sourceTree = "<group>"; };
		ADAEAC472098670A001B44CF /* CalendarCollectionView.xib */ = {isa = PBXFileReference; lastKnownFileType = file.xib; path = CalendarCollectionView.xib; sourceTree = "<group>"; };
		D37309EFBDECF37451CD0041 /* Pods-MealPlan.release.xcconfig */ = {isa = PBXFileReference; includeInIndex = 1; lastKnownFileType = text.xcconfig; name = "Pods-MealPlan.release.xcconfig"; path = "Pods/Target Support Files/Pods-MealPlan/Pods-MealPlan.release.xcconfig"; sourceTree = "<group>"; };
/* End PBXFileReference section */

/* Begin PBXFrameworksBuildPhase section */
		AD2C8E2F2096EFAD0083B229 /* Frameworks */ = {
			isa = PBXFrameworksBuildPhase;
			buildActionMask = 2147483647;
			files = (
				5CE24D471EAAD651562BBEC1 /* Pods_MealPlan.framework in Frameworks */,
			);
			runOnlyForDeploymentPostprocessing = 0;
		};
/* End PBXFrameworksBuildPhase section */

/* Begin PBXGroup section */
		AD2C8E292096EFAD0083B229 = {
			isa = PBXGroup;
			children = (
				AD2C8E342096EFAD0083B229 /* MealPlan */,
				AD2C8E332096EFAD0083B229 /* Products */,
				B8EDB626E49D95E5CD959838 /* Pods */,
				F2D0D3FD2EFC071D86095695 /* Frameworks */,
			);
			sourceTree = "<group>";
		};
		AD2C8E332096EFAD0083B229 /* Products */ = {
			isa = PBXGroup;
			children = (
				AD2C8E322096EFAD0083B229 /* MealPlan.app */,
			);
			name = Products;
			sourceTree = "<group>";
		};
		AD2C8E342096EFAD0083B229 /* MealPlan */ = {
			isa = PBXGroup;
			children = (
				AD2C8E4A2096F0040083B229 /* Controller */,
				AD2C8E492096EFFE0083B229 /* View */,
				AD2C8E472096EFEB0083B229 /* Model */,
				AD2C8E352096EFAD0083B229 /* AppDelegate.swift */,
				AD2C8E372096EFAD0083B229 /* ViewController.swift */,
				AD2C8E392096EFAD0083B229 /* Main.storyboard */,
				ADAEAC2C20983CA6001B44CF /* TestViewController.swift */,
				AD2C8E4B20971AFA0083B229 /* CustomCell.swift */,
				AD2C8E3C2096EFAF0083B229 /* Assets.xcassets */,
				AD2C8E3E2096EFAF0083B229 /* LaunchScreen.storyboard */,
				AD2C8E412096EFAF0083B229 /* Info.plist */,
			);
			path = MealPlan;
			sourceTree = "<group>";
		};
		AD2C8E472096EFEB0083B229 /* Model */ = {
			isa = PBXGroup;
			children = (
				AD901C5820A20E5800C88219 /* Database */,
				AD1D922D209B6B5200B9AFE9 /* MPHttpRequest.swift */,
				AD1D922F209B737400B9AFE9 /* MPError.swift */,
				AD1D9231209B759F00B9AFE9 /* MPHttpClient.swift */,
				AD679E5B209C284E00039ED4 /* RecipeModel.swift */,
				AD679E5D209C308500039ED4 /* RecipeProvider.swift */,
				AD679E5F209C37ED00039ED4 /* RecipeManager.swift */,
				AD8A0881209F41B800C3DB84 /* RecipeClassModel.swift */,
				ADA4342320A03C6E002C7148 /* AddPageTag.swift */,
			);
			path = Model;
			sourceTree = "<group>";
		};
		AD2C8E492096EFFE0083B229 /* View */ = {
			isa = PBXGroup;
			children = (
				AD4E2CF520A14C6800C4573F /* RecipeSearchResultCell */,
				AD8A0880209ED65700C3DB84 /* RecipeTableViewCell */,
				ADAEAC342098501A001B44CF /* HorizontalCollectionView */,
				ADAEAC2F20984E56001B44CF /* HorizontalCollectionViewCell */,
				ADAEAC3920985B25001B44CF /* CalendarView */,
				ADAEAC2E20984E38001B44CF /* CalendarCell */,
			);
			path = View;
			sourceTree = "<group>";
		};
		AD2C8E4A2096F0040083B229 /* Controller */ = {
			isa = PBXGroup;
			children = (
				ADAEAC2A20981F33001B44CF /* MPTableViewController.swift */,
				ADAEAC3A20985B98001B44CF /* MPCollectionViewController.swift */,
				ADAEAC4420985E53001B44CF /* MPCalendarView.swift */,
				AD7044232099A5590022E15D /* MPPieChart.swift */,
				AD566B48209B0545009915F3 /* AddPageHistoryController.swift */,
				AD566B4C209B0B6F009915F3 /* AddPagePickupController.swift */,
				AD566B4A209B0649009915F3 /* AddPageViewController.swift */,
				AD8A087A209EB47600C3DB84 /* AddPagePopupTableViewController.swift */,
				AD53A1F3209FF15D0016E4D1 /* MPTagViewController.swift */,
				ADA4342520A04B16002C7148 /* SearchViewController.swift */,
				AD4E2CF620A175E700C4573F /* AddPageAnimationController.swift */,
			);
			path = Controller;
			sourceTree = "<group>";
		};
		AD4E2CF520A14C6800C4573F /* RecipeSearchResultCell */ = {
			isa = PBXGroup;
			children = (
				AD4E2CF120A14C6300C4573F /* RecipeSearchResultCell.swift */,
				AD4E2CF220A14C6300C4573F /* RecipeSearchResultCell.xib */,
			);
			path = RecipeSearchResultCell;
			sourceTree = "<group>";
		};
		AD8A0880209ED65700C3DB84 /* RecipeTableViewCell */ = {
			isa = PBXGroup;
			children = (
				AD8A087C209ED65000C3DB84 /* RecipeTableViewCell.swift */,
				AD8A087D209ED65000C3DB84 /* RecipeTableViewCell.xib */,
			);
			path = RecipeTableViewCell;
			sourceTree = "<group>";
		};
		AD901C5820A20E5800C88219 /* Database */ = {
			isa = PBXGroup;
			children = (
				AD428EE120A2C66700A04A32 /* RealmManager.swift */,
				AD428EE320A2C6C200A04A32 /* RecipeCalendarModel.swift */,
			);
			path = Database;
			sourceTree = "<group>";
		};
		ADAEAC2E20984E38001B44CF /* CalendarCell */ = {
			isa = PBXGroup;
			children = (
				AD2C8E4D2097558C0083B229 /* CalendarCell.swift */,
				AD2C8E4E2097558C0083B229 /* CalendarCell.xib */,
			);
			path = CalendarCell;
			sourceTree = "<group>";
		};
		ADAEAC2F20984E56001B44CF /* HorizontalCollectionViewCell */ = {
			isa = PBXGroup;
			children = (
				ADAEAC3020984E87001B44CF /* HorizontalCollectionViewCell.swift */,
				ADAEAC3120984E87001B44CF /* HorizontalCollectionViewCell.xib */,
			);
			path = HorizontalCollectionViewCell;
			sourceTree = "<group>";
		};
		ADAEAC342098501A001B44CF /* HorizontalCollectionView */ = {
			isa = PBXGroup;
			children = (
				ADAEAC352098506B001B44CF /* HorizontalCollectionView.swift */,
				ADAEAC362098506B001B44CF /* HorizontalCollectionView.xib */,
			);
			path = HorizontalCollectionView;
			sourceTree = "<group>";
		};
		ADAEAC3920985B25001B44CF /* CalendarView */ = {
			isa = PBXGroup;
			children = (
				ADAEAC462098670A001B44CF /* CalendarCollectionView.swift */,
				ADAEAC472098670A001B44CF /* CalendarCollectionView.xib */,
			);
			path = CalendarView;
			sourceTree = "<group>";
		};
		B8EDB626E49D95E5CD959838 /* Pods */ = {
			isa = PBXGroup;
			children = (
				91D3A854EB771AFC1F089BC5 /* Pods-MealPlan.debug.xcconfig */,
				D37309EFBDECF37451CD0041 /* Pods-MealPlan.release.xcconfig */,
			);
			name = Pods;
			sourceTree = "<group>";
		};
		F2D0D3FD2EFC071D86095695 /* Frameworks */ = {
			isa = PBXGroup;
			children = (
				7CCEE3EA7654681829386709 /* Pods_MealPlan.framework */,
			);
			name = Frameworks;
			sourceTree = "<group>";
		};
/* End PBXGroup section */

/* Begin PBXNativeTarget section */
		AD2C8E312096EFAD0083B229 /* MealPlan */ = {
			isa = PBXNativeTarget;
			buildConfigurationList = AD2C8E442096EFAF0083B229 /* Build configuration list for PBXNativeTarget "MealPlan" */;
			buildPhases = (
				1E338DD10BC29A0C57B7B9DF /* [CP] Check Pods Manifest.lock */,
				AD2C8E2E2096EFAD0083B229 /* Sources */,
				AD2C8E2F2096EFAD0083B229 /* Frameworks */,
				AD2C8E302096EFAD0083B229 /* Resources */,
				F14245C08D98BA4C4952AAC6 /* [CP] Embed Pods Frameworks */,
			);
			buildRules = (
			);
			dependencies = (
			);
			name = MealPlan;
			productName = MealPlan;
			productReference = AD2C8E322096EFAD0083B229 /* MealPlan.app */;
			productType = "com.apple.product-type.application";
		};
/* End PBXNativeTarget section */

/* Begin PBXProject section */
		AD2C8E2A2096EFAD0083B229 /* Project object */ = {
			isa = PBXProject;
			attributes = {
				LastSwiftUpdateCheck = 0930;
				LastUpgradeCheck = 0930;
				ORGANIZATIONNAME = "Kevin Liao";
				TargetAttributes = {
					AD2C8E312096EFAD0083B229 = {
						CreatedOnToolsVersion = 9.3;
					};
				};
			};
			buildConfigurationList = AD2C8E2D2096EFAD0083B229 /* Build configuration list for PBXProject "MealPlan" */;
			compatibilityVersion = "Xcode 9.3";
			developmentRegion = en;
			hasScannedForEncodings = 0;
			knownRegions = (
				en,
				Base,
			);
			mainGroup = AD2C8E292096EFAD0083B229;
			productRefGroup = AD2C8E332096EFAD0083B229 /* Products */;
			projectDirPath = "";
			projectRoot = "";
			targets = (
				AD2C8E312096EFAD0083B229 /* MealPlan */,
			);
		};
/* End PBXProject section */

/* Begin PBXResourcesBuildPhase section */
		AD2C8E302096EFAD0083B229 /* Resources */ = {
			isa = PBXResourcesBuildPhase;
			buildActionMask = 2147483647;
			files = (
				ADAEAC3320984E87001B44CF /* HorizontalCollectionViewCell.xib in Resources */,
				AD2C8E402096EFAF0083B229 /* LaunchScreen.storyboard in Resources */,
				AD2C8E3D2096EFAF0083B229 /* Assets.xcassets in Resources */,
				AD8A087F209ED65000C3DB84 /* RecipeTableViewCell.xib in Resources */,
				AD2C8E3B2096EFAD0083B229 /* Main.storyboard in Resources */,
				ADAEAC492098670A001B44CF /* CalendarCollectionView.xib in Resources */,
				AD4E2CF420A14C6300C4573F /* RecipeSearchResultCell.xib in Resources */,
				ADAEAC382098506B001B44CF /* HorizontalCollectionView.xib in Resources */,
				AD2C8E502097558C0083B229 /* CalendarCell.xib in Resources */,
			);
			runOnlyForDeploymentPostprocessing = 0;
		};
/* End PBXResourcesBuildPhase section */

/* Begin PBXShellScriptBuildPhase section */
		1E338DD10BC29A0C57B7B9DF /* [CP] Check Pods Manifest.lock */ = {
			isa = PBXShellScriptBuildPhase;
			buildActionMask = 2147483647;
			files = (
			);
			inputPaths = (
				"${PODS_PODFILE_DIR_PATH}/Podfile.lock",
				"${PODS_ROOT}/Manifest.lock",
			);
			name = "[CP] Check Pods Manifest.lock";
			outputPaths = (
				"$(DERIVED_FILE_DIR)/Pods-MealPlan-checkManifestLockResult.txt",
			);
			runOnlyForDeploymentPostprocessing = 0;
			shellPath = /bin/sh;
			shellScript = "diff \"${PODS_PODFILE_DIR_PATH}/Podfile.lock\" \"${PODS_ROOT}/Manifest.lock\" > /dev/null\nif [ $? != 0 ] ; then\n    # print error to STDERR\n    echo \"error: The sandbox is not in sync with the Podfile.lock. Run 'pod install' or update your CocoaPods installation.\" >&2\n    exit 1\nfi\n# This output is used by Xcode 'outputs' to avoid re-running this script phase.\necho \"SUCCESS\" > \"${SCRIPT_OUTPUT_FILE_0}\"\n";
			showEnvVarsInLog = 0;
		};
		F14245C08D98BA4C4952AAC6 /* [CP] Embed Pods Frameworks */ = {
			isa = PBXShellScriptBuildPhase;
			buildActionMask = 2147483647;
			files = (
			);
			inputPaths = (
				"${SRCROOT}/Pods/Target Support Files/Pods-MealPlan/Pods-MealPlan-frameworks.sh",
				"${BUILT_PRODUCTS_DIR}/Alamofire/Alamofire.framework",
				"${BUILT_PRODUCTS_DIR}/Charts/Charts.framework",
				"${BUILT_PRODUCTS_DIR}/JTAppleCalendar/JTAppleCalendar.framework",
				"${BUILT_PRODUCTS_DIR}/Realm/Realm.framework",
				"${BUILT_PRODUCTS_DIR}/RealmSwift/RealmSwift.framework",
			);
			name = "[CP] Embed Pods Frameworks";
			outputPaths = (
				"${TARGET_BUILD_DIR}/${FRAMEWORKS_FOLDER_PATH}/Alamofire.framework",
				"${TARGET_BUILD_DIR}/${FRAMEWORKS_FOLDER_PATH}/Charts.framework",
				"${TARGET_BUILD_DIR}/${FRAMEWORKS_FOLDER_PATH}/JTAppleCalendar.framework",
				"${TARGET_BUILD_DIR}/${FRAMEWORKS_FOLDER_PATH}/Realm.framework",
				"${TARGET_BUILD_DIR}/${FRAMEWORKS_FOLDER_PATH}/RealmSwift.framework",
			);
			runOnlyForDeploymentPostprocessing = 0;
			shellPath = /bin/sh;
			shellScript = "\"${SRCROOT}/Pods/Target Support Files/Pods-MealPlan/Pods-MealPlan-frameworks.sh\"\n";
			showEnvVarsInLog = 0;
		};
/* End PBXShellScriptBuildPhase section */

/* Begin PBXSourcesBuildPhase section */
		AD2C8E2E2096EFAD0083B229 /* Sources */ = {
			isa = PBXSourcesBuildPhase;
			buildActionMask = 2147483647;
			files = (
				ADAEAC2B20981F33001B44CF /* MPTableViewController.swift in Sources */,
				AD4E2CF720A175E700C4573F /* AddPageAnimationController.swift in Sources */,
				AD566B49209B0545009915F3 /* AddPageHistoryController.swift in Sources */,
				AD2C8E382096EFAD0083B229 /* ViewController.swift in Sources */,
				ADA4342620A04B16002C7148 /* SearchViewController.swift in Sources */,
				AD1D9230209B737400B9AFE9 /* MPError.swift in Sources */,
				AD428EE420A2C6C200A04A32 /* RecipeCalendarModel.swift in Sources */,
				AD566B4B209B0649009915F3 /* AddPageViewController.swift in Sources */,
				AD8A087B209EB47600C3DB84 /* AddPagePopupTableViewController.swift in Sources */,
				AD1D922E209B6B5200B9AFE9 /* MPHttpRequest.swift in Sources */,
				ADAEAC372098506B001B44CF /* HorizontalCollectionView.swift in Sources */,
				AD8A0882209F41B800C3DB84 /* RecipeClassModel.swift in Sources */,
				ADAEAC482098670A001B44CF /* CalendarCollectionView.swift in Sources */,
				ADAEAC3B20985B98001B44CF /* MPCollectionViewController.swift in Sources */,
				ADAEAC3220984E87001B44CF /* HorizontalCollectionViewCell.swift in Sources */,
				AD2C8E4C20971AFA0083B229 /* CustomCell.swift in Sources */,
				ADA4342420A03C6E002C7148 /* AddPageTag.swift in Sources */,
				AD679E5C209C284E00039ED4 /* RecipeModel.swift in Sources */,
				AD428EE220A2C66700A04A32 /* RealmManager.swift in Sources */,
				AD4E2CF320A14C6300C4573F /* RecipeSearchResultCell.swift in Sources */,
				AD2C8E362096EFAD0083B229 /* AppDelegate.swift in Sources */,
				AD8A087E209ED65000C3DB84 /* RecipeTableViewCell.swift in Sources */,
				AD7044242099A5590022E15D /* MPPieChart.swift in Sources */,
				AD679E5E209C308500039ED4 /* RecipeProvider.swift in Sources */,
				AD53A1F4209FF15D0016E4D1 /* MPTagViewController.swift in Sources */,
				ADAEAC2D20983CA6001B44CF /* TestViewController.swift in Sources */,
				AD2C8E4F2097558C0083B229 /* CalendarCell.swift in Sources */,
				AD1D9232209B759F00B9AFE9 /* MPHttpClient.swift in Sources */,
				AD679E60209C37ED00039ED4 /* RecipeManager.swift in Sources */,
				ADAEAC4520985E53001B44CF /* MPCalendarView.swift in Sources */,
				AD566B4D209B0B6F009915F3 /* AddPagePickupController.swift in Sources */,
			);
			runOnlyForDeploymentPostprocessing = 0;
		};
/* End PBXSourcesBuildPhase section */

/* Begin PBXVariantGroup section */
		AD2C8E392096EFAD0083B229 /* Main.storyboard */ = {
			isa = PBXVariantGroup;
			children = (
				AD2C8E3A2096EFAD0083B229 /* Base */,
			);
			name = Main.storyboard;
			sourceTree = "<group>";
		};
		AD2C8E3E2096EFAF0083B229 /* LaunchScreen.storyboard */ = {
			isa = PBXVariantGroup;
			children = (
				AD2C8E3F2096EFAF0083B229 /* Base */,
			);
			name = LaunchScreen.storyboard;
			sourceTree = "<group>";
		};
/* End PBXVariantGroup section */

/* Begin XCBuildConfiguration section */
		AD2C8E422096EFAF0083B229 /* Debug */ = {
			isa = XCBuildConfiguration;
			buildSettings = {
				ALWAYS_SEARCH_USER_PATHS = NO;
				CLANG_ANALYZER_NONNULL = YES;
				CLANG_ANALYZER_NUMBER_OBJECT_CONVERSION = YES_AGGRESSIVE;
				CLANG_CXX_LANGUAGE_STANDARD = "gnu++14";
				CLANG_CXX_LIBRARY = "libc++";
				CLANG_ENABLE_MODULES = YES;
				CLANG_ENABLE_OBJC_ARC = YES;
				CLANG_ENABLE_OBJC_WEAK = YES;
				CLANG_WARN_BLOCK_CAPTURE_AUTORELEASING = YES;
				CLANG_WARN_BOOL_CONVERSION = YES;
				CLANG_WARN_COMMA = YES;
				CLANG_WARN_CONSTANT_CONVERSION = YES;
				CLANG_WARN_DEPRECATED_OBJC_IMPLEMENTATIONS = YES;
				CLANG_WARN_DIRECT_OBJC_ISA_USAGE = YES_ERROR;
				CLANG_WARN_DOCUMENTATION_COMMENTS = YES;
				CLANG_WARN_EMPTY_BODY = YES;
				CLANG_WARN_ENUM_CONVERSION = YES;
				CLANG_WARN_INFINITE_RECURSION = YES;
				CLANG_WARN_INT_CONVERSION = YES;
				CLANG_WARN_NON_LITERAL_NULL_CONVERSION = YES;
				CLANG_WARN_OBJC_IMPLICIT_RETAIN_SELF = YES;
				CLANG_WARN_OBJC_LITERAL_CONVERSION = YES;
				CLANG_WARN_OBJC_ROOT_CLASS = YES_ERROR;
				CLANG_WARN_RANGE_LOOP_ANALYSIS = YES;
				CLANG_WARN_STRICT_PROTOTYPES = YES;
				CLANG_WARN_SUSPICIOUS_MOVE = YES;
				CLANG_WARN_UNGUARDED_AVAILABILITY = YES_AGGRESSIVE;
				CLANG_WARN_UNREACHABLE_CODE = YES;
				CLANG_WARN__DUPLICATE_METHOD_MATCH = YES;
				CODE_SIGN_IDENTITY = "iPhone Developer";
				COPY_PHASE_STRIP = NO;
				DEBUG_INFORMATION_FORMAT = dwarf;
				ENABLE_STRICT_OBJC_MSGSEND = YES;
				ENABLE_TESTABILITY = YES;
				GCC_C_LANGUAGE_STANDARD = gnu11;
				GCC_DYNAMIC_NO_PIC = NO;
				GCC_NO_COMMON_BLOCKS = YES;
				GCC_OPTIMIZATION_LEVEL = 0;
				GCC_PREPROCESSOR_DEFINITIONS = (
					"DEBUG=1",
					"$(inherited)",
				);
				GCC_WARN_64_TO_32_BIT_CONVERSION = YES;
				GCC_WARN_ABOUT_RETURN_TYPE = YES_ERROR;
				GCC_WARN_UNDECLARED_SELECTOR = YES;
				GCC_WARN_UNINITIALIZED_AUTOS = YES_AGGRESSIVE;
				GCC_WARN_UNUSED_FUNCTION = YES;
				GCC_WARN_UNUSED_VARIABLE = YES;
				IPHONEOS_DEPLOYMENT_TARGET = 11.3;
				MTL_ENABLE_DEBUG_INFO = YES;
				ONLY_ACTIVE_ARCH = YES;
				SDKROOT = iphoneos;
				SWIFT_ACTIVE_COMPILATION_CONDITIONS = DEBUG;
				SWIFT_OPTIMIZATION_LEVEL = "-Onone";
			};
			name = Debug;
		};
		AD2C8E432096EFAF0083B229 /* Release */ = {
			isa = XCBuildConfiguration;
			buildSettings = {
				ALWAYS_SEARCH_USER_PATHS = NO;
				CLANG_ANALYZER_NONNULL = YES;
				CLANG_ANALYZER_NUMBER_OBJECT_CONVERSION = YES_AGGRESSIVE;
				CLANG_CXX_LANGUAGE_STANDARD = "gnu++14";
				CLANG_CXX_LIBRARY = "libc++";
				CLANG_ENABLE_MODULES = YES;
				CLANG_ENABLE_OBJC_ARC = YES;
				CLANG_ENABLE_OBJC_WEAK = YES;
				CLANG_WARN_BLOCK_CAPTURE_AUTORELEASING = YES;
				CLANG_WARN_BOOL_CONVERSION = YES;
				CLANG_WARN_COMMA = YES;
				CLANG_WARN_CONSTANT_CONVERSION = YES;
				CLANG_WARN_DEPRECATED_OBJC_IMPLEMENTATIONS = YES;
				CLANG_WARN_DIRECT_OBJC_ISA_USAGE = YES_ERROR;
				CLANG_WARN_DOCUMENTATION_COMMENTS = YES;
				CLANG_WARN_EMPTY_BODY = YES;
				CLANG_WARN_ENUM_CONVERSION = YES;
				CLANG_WARN_INFINITE_RECURSION = YES;
				CLANG_WARN_INT_CONVERSION = YES;
				CLANG_WARN_NON_LITERAL_NULL_CONVERSION = YES;
				CLANG_WARN_OBJC_IMPLICIT_RETAIN_SELF = YES;
				CLANG_WARN_OBJC_LITERAL_CONVERSION = YES;
				CLANG_WARN_OBJC_ROOT_CLASS = YES_ERROR;
				CLANG_WARN_RANGE_LOOP_ANALYSIS = YES;
				CLANG_WARN_STRICT_PROTOTYPES = YES;
				CLANG_WARN_SUSPICIOUS_MOVE = YES;
				CLANG_WARN_UNGUARDED_AVAILABILITY = YES_AGGRESSIVE;
				CLANG_WARN_UNREACHABLE_CODE = YES;
				CLANG_WARN__DUPLICATE_METHOD_MATCH = YES;
				CODE_SIGN_IDENTITY = "iPhone Developer";
				COPY_PHASE_STRIP = NO;
				DEBUG_INFORMATION_FORMAT = "dwarf-with-dsym";
				ENABLE_NS_ASSERTIONS = NO;
				ENABLE_STRICT_OBJC_MSGSEND = YES;
				GCC_C_LANGUAGE_STANDARD = gnu11;
				GCC_NO_COMMON_BLOCKS = YES;
				GCC_WARN_64_TO_32_BIT_CONVERSION = YES;
				GCC_WARN_ABOUT_RETURN_TYPE = YES_ERROR;
				GCC_WARN_UNDECLARED_SELECTOR = YES;
				GCC_WARN_UNINITIALIZED_AUTOS = YES_AGGRESSIVE;
				GCC_WARN_UNUSED_FUNCTION = YES;
				GCC_WARN_UNUSED_VARIABLE = YES;
				IPHONEOS_DEPLOYMENT_TARGET = 11.3;
				MTL_ENABLE_DEBUG_INFO = NO;
				SDKROOT = iphoneos;
				SWIFT_COMPILATION_MODE = wholemodule;
				SWIFT_OPTIMIZATION_LEVEL = "-O";
				VALIDATE_PRODUCT = YES;
			};
			name = Release;
		};
		AD2C8E452096EFAF0083B229 /* Debug */ = {
			isa = XCBuildConfiguration;
			baseConfigurationReference = 91D3A854EB771AFC1F089BC5 /* Pods-MealPlan.debug.xcconfig */;
			buildSettings = {
				ASSETCATALOG_COMPILER_APPICON_NAME = AppIcon;
				CODE_SIGN_STYLE = Automatic;
				DEVELOPMENT_TEAM = KLL3688WWP;
				INFOPLIST_FILE = MealPlan/Info.plist;
				LD_RUNPATH_SEARCH_PATHS = (
					"$(inherited)",
					"@executable_path/Frameworks",
				);
				PRODUCT_BUNDLE_IDENTIFIER = com.MealPlan.KevinLiao;
				PRODUCT_NAME = "$(TARGET_NAME)";
				SWIFT_VERSION = 4.0;
				TARGETED_DEVICE_FAMILY = "1,2";
			};
			name = Debug;
		};
		AD2C8E462096EFAF0083B229 /* Release */ = {
			isa = XCBuildConfiguration;
			baseConfigurationReference = D37309EFBDECF37451CD0041 /* Pods-MealPlan.release.xcconfig */;
			buildSettings = {
				ASSETCATALOG_COMPILER_APPICON_NAME = AppIcon;
				CODE_SIGN_STYLE = Automatic;
				DEVELOPMENT_TEAM = KLL3688WWP;
				INFOPLIST_FILE = MealPlan/Info.plist;
				LD_RUNPATH_SEARCH_PATHS = (
					"$(inherited)",
					"@executable_path/Frameworks",
				);
				PRODUCT_BUNDLE_IDENTIFIER = com.MealPlan.KevinLiao;
				PRODUCT_NAME = "$(TARGET_NAME)";
				SWIFT_VERSION = 4.0;
				TARGETED_DEVICE_FAMILY = "1,2";
			};
			name = Release;
		};
/* End XCBuildConfiguration section */

/* Begin XCConfigurationList section */
		AD2C8E2D2096EFAD0083B229 /* Build configuration list for PBXProject "MealPlan" */ = {
			isa = XCConfigurationList;
			buildConfigurations = (
				AD2C8E422096EFAF0083B229 /* Debug */,
				AD2C8E432096EFAF0083B229 /* Release */,
			);
			defaultConfigurationIsVisible = 0;
			defaultConfigurationName = Release;
		};
		AD2C8E442096EFAF0083B229 /* Build configuration list for PBXNativeTarget "MealPlan" */ = {
			isa = XCConfigurationList;
			buildConfigurations = (
				AD2C8E452096EFAF0083B229 /* Debug */,
				AD2C8E462096EFAF0083B229 /* Release */,
			);
			defaultConfigurationIsVisible = 0;
			defaultConfigurationName = Release;
		};
/* End XCConfigurationList section */
	};
	rootObject = AD2C8E2A2096EFAD0083B229 /* Project object */;
}
