// !$*UTF8*$!
{
	archiveVersion = 1;
	classes = {
	};
	objectVersion = 50;
	objects = {

/* Begin PBXBuildFile section */
		5CE24D471EAAD651562BBEC1 /* Pods_MealPlan.framework in Frameworks */ = {isa = PBXBuildFile; fileRef = 7CCEE3EA7654681829386709 /* Pods_MealPlan.framework */; };
		AD00236E20C0705500ED7AD0 /* Search.storyboard in Resources */ = {isa = PBXBuildFile; fileRef = AD00236D20C0705500ED7AD0 /* Search.storyboard */; };
		AD1D922E209B6B5200B9AFE9 /* MPHttpRequest.swift in Sources */ = {isa = PBXBuildFile; fileRef = AD1D922D209B6B5200B9AFE9 /* MPHttpRequest.swift */; };
		AD1D9230209B737400B9AFE9 /* MPError.swift in Sources */ = {isa = PBXBuildFile; fileRef = AD1D922F209B737400B9AFE9 /* MPError.swift */; };
		AD1D9232209B759F00B9AFE9 /* MPHttpClient.swift in Sources */ = {isa = PBXBuildFile; fileRef = AD1D9231209B759F00B9AFE9 /* MPHttpClient.swift */; };
		AD260DDA20AF1FFC007D4C89 /* MPFirebaseModel.swift in Sources */ = {isa = PBXBuildFile; fileRef = AD260DD920AF1FFC007D4C89 /* MPFirebaseModel.swift */; };
		AD2C8E362096EFAD0083B229 /* AppDelegate.swift in Sources */ = {isa = PBXBuildFile; fileRef = AD2C8E352096EFAD0083B229 /* AppDelegate.swift */; };
		AD2C8E382096EFAD0083B229 /* ViewController.swift in Sources */ = {isa = PBXBuildFile; fileRef = AD2C8E372096EFAD0083B229 /* ViewController.swift */; };
		AD2C8E3B2096EFAD0083B229 /* Main.storyboard in Resources */ = {isa = PBXBuildFile; fileRef = AD2C8E392096EFAD0083B229 /* Main.storyboard */; };
		AD2C8E3D2096EFAF0083B229 /* Assets.xcassets in Resources */ = {isa = PBXBuildFile; fileRef = AD2C8E3C2096EFAF0083B229 /* Assets.xcassets */; };
		AD2C8E402096EFAF0083B229 /* LaunchScreen.storyboard in Resources */ = {isa = PBXBuildFile; fileRef = AD2C8E3E2096EFAF0083B229 /* LaunchScreen.storyboard */; };
		AD2C8E4C20971AFA0083B229 /* CustomCell.swift in Sources */ = {isa = PBXBuildFile; fileRef = AD2C8E4B20971AFA0083B229 /* CustomCell.swift */; };
		AD2C8E4F2097558C0083B229 /* CalendarCell.swift in Sources */ = {isa = PBXBuildFile; fileRef = AD2C8E4D2097558C0083B229 /* CalendarCell.swift */; };
		AD2C8E502097558C0083B229 /* CalendarCell.xib in Resources */ = {isa = PBXBuildFile; fileRef = AD2C8E4E2097558C0083B229 /* CalendarCell.xib */; };
		AD2F274120AA95E900F8CA1B /* PhotoViewController.swift in Sources */ = {isa = PBXBuildFile; fileRef = AD2F274020AA95E900F8CA1B /* PhotoViewController.swift */; };
		AD2F274320AA96CB00F8CA1B /* CameraViewController.swift in Sources */ = {isa = PBXBuildFile; fileRef = AD2F274220AA96CB00F8CA1B /* CameraViewController.swift */; };
		AD428EE220A2C66700A04A32 /* RealmManager.swift in Sources */ = {isa = PBXBuildFile; fileRef = AD428EE120A2C66700A04A32 /* RealmManager.swift */; };
		AD428EE420A2C6C200A04A32 /* RecipeCalendarModel.swift in Sources */ = {isa = PBXBuildFile; fileRef = AD428EE320A2C6C200A04A32 /* RecipeCalendarModel.swift */; };
		AD428EE620A32D1E00A04A32 /* AddPagePopupNavigationController.swift in Sources */ = {isa = PBXBuildFile; fileRef = AD428EE520A32D1E00A04A32 /* AddPagePopupNavigationController.swift */; };
		AD4E2CF320A14C6300C4573F /* RecipeSearchResultCell.swift in Sources */ = {isa = PBXBuildFile; fileRef = AD4E2CF120A14C6300C4573F /* RecipeSearchResultCell.swift */; };
		AD4E2CF420A14C6300C4573F /* RecipeSearchResultCell.xib in Resources */ = {isa = PBXBuildFile; fileRef = AD4E2CF220A14C6300C4573F /* RecipeSearchResultCell.xib */; };
		AD4E2CF720A175E700C4573F /* AddPageAnimationController.swift in Sources */ = {isa = PBXBuildFile; fileRef = AD4E2CF620A175E700C4573F /* AddPageAnimationController.swift */; };
		AD5380F320B724D900B63062 /* DrawCameraLineManager.swift in Sources */ = {isa = PBXBuildFile; fileRef = AD5380F220B724D900B63062 /* DrawCameraLineManager.swift */; };
		AD53A1F4209FF15D0016E4D1 /* MPTagViewController.swift in Sources */ = {isa = PBXBuildFile; fileRef = AD53A1F3209FF15D0016E4D1 /* MPTagViewController.swift */; };
		AD566B49209B0545009915F3 /* AddPageHistoryController.swift in Sources */ = {isa = PBXBuildFile; fileRef = AD566B48209B0545009915F3 /* AddPageHistoryController.swift */; };
		AD566B4B209B0649009915F3 /* AddPageViewController.swift in Sources */ = {isa = PBXBuildFile; fileRef = AD566B4A209B0649009915F3 /* AddPageViewController.swift */; };
		AD566B4D209B0B6F009915F3 /* AddPagePickupController.swift in Sources */ = {isa = PBXBuildFile; fileRef = AD566B4C209B0B6F009915F3 /* AddPagePickupController.swift */; };
		AD57814D20A47C5900130388 /* DateFormatManager.swift in Sources */ = {isa = PBXBuildFile; fileRef = AD57814C20A47C5900130388 /* DateFormatManager.swift */; };
		AD59477120B019D900B9C915 /* MPTabBarController.swift in Sources */ = {isa = PBXBuildFile; fileRef = AD59477020B019D900B9C915 /* MPTabBarController.swift */; };
		AD59477320B01AA400B9C915 /* Discovery.storyboard in Resources */ = {isa = PBXBuildFile; fileRef = AD59477220B01AA400B9C915 /* Discovery.storyboard */; };
		AD59477520B01B0300B9C915 /* MealPlan.storyboard in Resources */ = {isa = PBXBuildFile; fileRef = AD59477420B01B0300B9C915 /* MealPlan.storyboard */; };
		AD59477820B024B500B9C915 /* Login.storyboard in Resources */ = {isa = PBXBuildFile; fileRef = AD59477720B024B500B9C915 /* Login.storyboard */; };
		AD59477A20B0367500B9C915 /* PopupButtonsManager.swift in Sources */ = {isa = PBXBuildFile; fileRef = AD59477920B0367500B9C915 /* PopupButtonsManager.swift */; };
		AD5D380A20B3E5EF004B65BF /* MPSliderView.xib in Resources */ = {isa = PBXBuildFile; fileRef = AD5D380920B3E5EF004B65BF /* MPSliderView.xib */; };
		AD5D380D20B3E6F8004B65BF /* MPSliderView.swift in Sources */ = {isa = PBXBuildFile; fileRef = AD5D380C20B3E6F8004B65BF /* MPSliderView.swift */; };
		AD5D381120B3EB4E004B65BF /* AddRecipeInformationSliderCell.swift in Sources */ = {isa = PBXBuildFile; fileRef = AD5D380F20B3EB4E004B65BF /* AddRecipeInformationSliderCell.swift */; };
		AD5D381220B3EB4E004B65BF /* AddRecipeInformationSliderCell.xib in Resources */ = {isa = PBXBuildFile; fileRef = AD5D381020B3EB4E004B65BF /* AddRecipeInformationSliderCell.xib */; };
		AD5D381420B3F86F004B65BF /* SliderViewController.swift in Sources */ = {isa = PBXBuildFile; fileRef = AD5D381320B3F86F004B65BF /* SliderViewController.swift */; };
		AD5D381620B41F6A004B65BF /* AlertManager.swift in Sources */ = {isa = PBXBuildFile; fileRef = AD5D381520B41F6A004B65BF /* AlertManager.swift */; };
		AD5D381820B42168004B65BF /* SaveImageManager.swift in Sources */ = {isa = PBXBuildFile; fileRef = AD5D381720B42168004B65BF /* SaveImageManager.swift */; };
		AD5D381B20B45003004B65BF /* MPNutrientsEditView.swift in Sources */ = {isa = PBXBuildFile; fileRef = AD5D381A20B45003004B65BF /* MPNutrientsEditView.swift */; };
		AD5D381D20B4501C004B65BF /* MPNutrientsEditView.xib in Resources */ = {isa = PBXBuildFile; fileRef = AD5D381C20B4501C004B65BF /* MPNutrientsEditView.xib */; };
		AD5D381F20B45278004B65BF /* NutrientsEditViewController.swift in Sources */ = {isa = PBXBuildFile; fileRef = AD5D381E20B45278004B65BF /* NutrientsEditViewController.swift */; };
		AD5D382720B455E4004B65BF /* NutrientsEditCell.swift in Sources */ = {isa = PBXBuildFile; fileRef = AD5D382520B455E4004B65BF /* NutrientsEditCell.swift */; };
		AD5D382820B455E4004B65BF /* NutrientsEditCell.xib in Resources */ = {isa = PBXBuildFile; fileRef = AD5D382620B455E4004B65BF /* NutrientsEditCell.xib */; };
		AD679E5C209C284E00039ED4 /* RecipeModel.swift in Sources */ = {isa = PBXBuildFile; fileRef = AD679E5B209C284E00039ED4 /* RecipeModel.swift */; };
		AD679E5E209C308500039ED4 /* RecipeProvider.swift in Sources */ = {isa = PBXBuildFile; fileRef = AD679E5D209C308500039ED4 /* RecipeProvider.swift */; };
		AD679E60209C37ED00039ED4 /* RecipeManager.swift in Sources */ = {isa = PBXBuildFile; fileRef = AD679E5F209C37ED00039ED4 /* RecipeManager.swift */; };
		AD6C0C5620A7FBB100EE49CA /* MPRecipeDetailViewController.swift in Sources */ = {isa = PBXBuildFile; fileRef = AD6C0C5520A7FBB100EE49CA /* MPRecipeDetailViewController.swift */; };
		AD6ED3F320B2B3A600B194BF /* NSLayoutConstraintExtension.swift in Sources */ = {isa = PBXBuildFile; fileRef = AD6ED3F220B2B3A600B194BF /* NSLayoutConstraintExtension.swift */; };
		AD6ED3F520B2B83800B194BF /* TextViewController.swift in Sources */ = {isa = PBXBuildFile; fileRef = AD6ED3F420B2B83800B194BF /* TextViewController.swift */; };
		AD6FB21F20A971060000A44F /* RecipeDetailTitle.swift in Sources */ = {isa = PBXBuildFile; fileRef = AD6FB21D20A971060000A44F /* RecipeDetailTitle.swift */; };
		AD6FB22320A97FFD0000A44F /* MPRecipeDetailWebViewController.swift in Sources */ = {isa = PBXBuildFile; fileRef = AD6FB22220A97FFD0000A44F /* MPRecipeDetailWebViewController.swift */; };
		AD6FD06620B0680100148414 /* TestViewController.swift in Sources */ = {isa = PBXBuildFile; fileRef = AD6FD06520B0680100148414 /* TestViewController.swift */; };
		AD7044242099A5590022E15D /* MPPieChart.swift in Sources */ = {isa = PBXBuildFile; fileRef = AD7044232099A5590022E15D /* MPPieChart.swift */; };
		AD72B89A20BF940700A4C978 /* MPIndependentCollectionViewController.swift in Sources */ = {isa = PBXBuildFile; fileRef = AD72B89920BF940700A4C978 /* MPIndependentCollectionViewController.swift */; };
		AD72B8A120BF972D00A4C978 /* RecipeStepCollectionViewCell.swift in Sources */ = {isa = PBXBuildFile; fileRef = AD72B89F20BF972D00A4C978 /* RecipeStepCollectionViewCell.swift */; };
		AD72B8A220BF972D00A4C978 /* RecipeStepCollectionViewCell.xib in Resources */ = {isa = PBXBuildFile; fileRef = AD72B8A020BF972D00A4C978 /* RecipeStepCollectionViewCell.xib */; };
		AD72B8AC20BFDE2000A4C978 /* IngredientEditTableViewCell.swift in Sources */ = {isa = PBXBuildFile; fileRef = AD72B8AA20BFDE2000A4C978 /* IngredientEditTableViewCell.swift */; };
		AD72B8AD20BFDE2000A4C978 /* IngredientEditTableViewCell.xib in Resources */ = {isa = PBXBuildFile; fileRef = AD72B8AB20BFDE2000A4C978 /* IngredientEditTableViewCell.xib */; };
		AD72B8AF20BFE54A00A4C978 /* AddRecipeIngredientViewController.swift in Sources */ = {isa = PBXBuildFile; fileRef = AD72B8AE20BFE54A00A4C978 /* AddRecipeIngredientViewController.swift */; };
		AD72B8B320BFF39300A4C978 /* MPIngredientAddButtonTableViewCell.swift in Sources */ = {isa = PBXBuildFile; fileRef = AD72B8B120BFF39300A4C978 /* MPIngredientAddButtonTableViewCell.swift */; };
		AD72B8B420BFF39300A4C978 /* MPIngredientAddButtonTableViewCell.xib in Resources */ = {isa = PBXBuildFile; fileRef = AD72B8B220BFF39300A4C978 /* MPIngredientAddButtonTableViewCell.xib */; };
		AD72B8B620BFF3DB00A4C978 /* IngredientAddButtonViewController.swift in Sources */ = {isa = PBXBuildFile; fileRef = AD72B8B520BFF3DB00A4C978 /* IngredientAddButtonViewController.swift */; };
		AD72B8B920BFF5FF00A4C978 /* MPIngredientAddButtonView.swift in Sources */ = {isa = PBXBuildFile; fileRef = AD72B8B820BFF5FF00A4C978 /* MPIngredientAddButtonView.swift */; };
		AD72B8BB20BFF61300A4C978 /* MPIngredientAddButtonView.xib in Resources */ = {isa = PBXBuildFile; fileRef = AD72B8BA20BFF61300A4C978 /* MPIngredientAddButtonView.xib */; };
		AD7C009620B6721F004F40E7 /* RecipeDetailIngredientCell.swift in Sources */ = {isa = PBXBuildFile; fileRef = AD7C009420B6721F004F40E7 /* RecipeDetailIngredientCell.swift */; };
		AD7C009720B6721F004F40E7 /* RecipeDetailIngredientCell.xib in Resources */ = {isa = PBXBuildFile; fileRef = AD7C009520B6721F004F40E7 /* RecipeDetailIngredientCell.xib */; };
		AD81675920BD4E9300C61849 /* MPScrollNavigationViewController.swift in Sources */ = {isa = PBXBuildFile; fileRef = AD81675820BD4E9300C61849 /* MPScrollNavigationViewController.swift */; };
		AD81675B20BD500100C61849 /* CreateRecipeStepsViewController.swift in Sources */ = {isa = PBXBuildFile; fileRef = AD81675A20BD500100C61849 /* CreateRecipeStepsViewController.swift */; };
		AD85E55820B19561002B80EB /* AddRecipeInformationViewController.swift in Sources */ = {isa = PBXBuildFile; fileRef = AD85E55720B19561002B80EB /* AddRecipeInformationViewController.swift */; };
		AD85E55C20B1A42D002B80EB /* AddRecipeInformationTextFieldCell.swift in Sources */ = {isa = PBXBuildFile; fileRef = AD85E55A20B1A42D002B80EB /* AddRecipeInformationTextFieldCell.swift */; };
		AD85E55D20B1A42D002B80EB /* AddRecipeInformationTextFieldCell.xib in Resources */ = {isa = PBXBuildFile; fileRef = AD85E55B20B1A42D002B80EB /* AddRecipeInformationTextFieldCell.xib */; };
		AD85E56120B1AE82002B80EB /* AddRecipeInformationTextFieldWithImageCell.swift in Sources */ = {isa = PBXBuildFile; fileRef = AD85E55F20B1AE82002B80EB /* AddRecipeInformationTextFieldWithImageCell.swift */; };
		AD85E56220B1AE82002B80EB /* AddRecipeInformationTextFieldWithImageCell.xib in Resources */ = {isa = PBXBuildFile; fileRef = AD85E56020B1AE82002B80EB /* AddRecipeInformationTextFieldWithImageCell.xib */; };
		AD85E56620B1C36B002B80EB /* ImagePickerViewController.swift in Sources */ = {isa = PBXBuildFile; fileRef = AD85E56520B1C36B002B80EB /* ImagePickerViewController.swift */; };
		AD8A087B209EB47600C3DB84 /* AddPagePopupTableViewController.swift in Sources */ = {isa = PBXBuildFile; fileRef = AD8A087A209EB47600C3DB84 /* AddPagePopupTableViewController.swift */; };
		AD8A087E209ED65000C3DB84 /* RecipeTableViewCell.swift in Sources */ = {isa = PBXBuildFile; fileRef = AD8A087C209ED65000C3DB84 /* RecipeTableViewCell.swift */; };
		AD8A087F209ED65000C3DB84 /* RecipeTableViewCell.xib in Resources */ = {isa = PBXBuildFile; fileRef = AD8A087D209ED65000C3DB84 /* RecipeTableViewCell.xib */; };
		AD8A0882209F41B800C3DB84 /* RecipeClassModel.swift in Sources */ = {isa = PBXBuildFile; fileRef = AD8A0881209F41B800C3DB84 /* RecipeClassModel.swift */; };
		AD94BB3620A71D6600D3B791 /* AddPagePopupView.swift in Sources */ = {isa = PBXBuildFile; fileRef = AD94BB3520A71D6600D3B791 /* AddPagePopupView.swift */; };
		AD94BB3820A7E7CE00D3B791 /* ZoomTransitionDelegate.swift in Sources */ = {isa = PBXBuildFile; fileRef = AD94BB3720A7E7CE00D3B791 /* ZoomTransitionDelegate.swift */; };
		ADA38AA820BF000100DE86F6 /* AddRecipeStepsViewController.swift in Sources */ = {isa = PBXBuildFile; fileRef = ADA38AA720BF000100DE86F6 /* AddRecipeStepsViewController.swift */; };
		ADA38AAA20BF1EDB00DE86F6 /* AddRecipeStepViewController.swift in Sources */ = {isa = PBXBuildFile; fileRef = ADA38AA920BF1EDB00DE86F6 /* AddRecipeStepViewController.swift */; };
		ADA38AAE20BF2CCE00DE86F6 /* RecipeStepTableViewCell.swift in Sources */ = {isa = PBXBuildFile; fileRef = ADA38AAC20BF2CCE00DE86F6 /* RecipeStepTableViewCell.swift */; };
		ADA38AAF20BF2CCE00DE86F6 /* RecipeStepTableViewCell.xib in Resources */ = {isa = PBXBuildFile; fileRef = ADA38AAD20BF2CCE00DE86F6 /* RecipeStepTableViewCell.xib */; };
		ADA4342420A03C6E002C7148 /* AddPageTag.swift in Sources */ = {isa = PBXBuildFile; fileRef = ADA4342320A03C6E002C7148 /* AddPageTag.swift */; };
		ADA4342620A04B16002C7148 /* SearchViewController.swift in Sources */ = {isa = PBXBuildFile; fileRef = ADA4342520A04B16002C7148 /* SearchViewController.swift */; };
		ADA469FD20BE40F800A80F25 /* GradientImageView.swift in Sources */ = {isa = PBXBuildFile; fileRef = ADA469FC20BE40F800A80F25 /* GradientImageView.swift */; };
		ADAA4DAA20AC1319002F9658 /* RecipeNoteView.swift in Sources */ = {isa = PBXBuildFile; fileRef = ADAA4DA820AC1319002F9658 /* RecipeNoteView.swift */; };
		ADAA4DAB20AC1319002F9658 /* RecipeNoteView.xib in Resources */ = {isa = PBXBuildFile; fileRef = ADAA4DA920AC1319002F9658 /* RecipeNoteView.xib */; };
		ADAC0FC220C2965F0060750A /* AddToCalendarViewController.swift in Sources */ = {isa = PBXBuildFile; fileRef = ADAC0FC120C2965F0060750A /* AddToCalendarViewController.swift */; };
		ADAEAC2B20981F33001B44CF /* MPTableViewController.swift in Sources */ = {isa = PBXBuildFile; fileRef = ADAEAC2A20981F33001B44CF /* MPTableViewController.swift */; };
		ADAEAC2D20983CA6001B44CF /* MealPlanViewController.swift in Sources */ = {isa = PBXBuildFile; fileRef = ADAEAC2C20983CA6001B44CF /* MealPlanViewController.swift */; };
		ADAEAC3220984E87001B44CF /* HorizontalCollectionViewCell.swift in Sources */ = {isa = PBXBuildFile; fileRef = ADAEAC3020984E87001B44CF /* HorizontalCollectionViewCell.swift */; };
		ADAEAC3320984E87001B44CF /* HorizontalCollectionViewCell.xib in Resources */ = {isa = PBXBuildFile; fileRef = ADAEAC3120984E87001B44CF /* HorizontalCollectionViewCell.xib */; };
		ADAEAC372098506B001B44CF /* HorizontalCollectionView.swift in Sources */ = {isa = PBXBuildFile; fileRef = ADAEAC352098506B001B44CF /* HorizontalCollectionView.swift */; };
		ADAEAC382098506B001B44CF /* HorizontalCollectionView.xib in Resources */ = {isa = PBXBuildFile; fileRef = ADAEAC362098506B001B44CF /* HorizontalCollectionView.xib */; };
		ADAEAC3B20985B98001B44CF /* MPCollectionViewController.swift in Sources */ = {isa = PBXBuildFile; fileRef = ADAEAC3A20985B98001B44CF /* MPCollectionViewController.swift */; };
		ADAEAC4520985E53001B44CF /* MPCalendarView.swift in Sources */ = {isa = PBXBuildFile; fileRef = ADAEAC4420985E53001B44CF /* MPCalendarView.swift */; };
		ADAEAC482098670A001B44CF /* CalendarCollectionView.swift in Sources */ = {isa = PBXBuildFile; fileRef = ADAEAC462098670A001B44CF /* CalendarCollectionView.swift */; };
		ADAEAC492098670A001B44CF /* CalendarCollectionView.xib in Resources */ = {isa = PBXBuildFile; fileRef = ADAEAC472098670A001B44CF /* CalendarCollectionView.xib */; };
		ADB6168920B90C2A00B637D6 /* HintLabels.swift in Sources */ = {isa = PBXBuildFile; fileRef = ADB6168820B90C2A00B637D6 /* HintLabels.swift */; };
		ADB6168B20B91F7800B637D6 /* AddByClassificationViewController.swift in Sources */ = {isa = PBXBuildFile; fileRef = ADB6168A20B91F7800B637D6 /* AddByClassificationViewController.swift */; };
		ADB6169020B9581A00B637D6 /* MPHorizontalScrollViewController.swift in Sources */ = {isa = PBXBuildFile; fileRef = ADB6168F20B9581A00B637D6 /* MPHorizontalScrollViewController.swift */; };
		ADB6169320B958E500B637D6 /* MPHorizontalScrollView.swift in Sources */ = {isa = PBXBuildFile; fileRef = ADB6169220B958E500B637D6 /* MPHorizontalScrollView.swift */; };
		ADB6169520B9590600B637D6 /* MPHorizontalScrollView.xib in Resources */ = {isa = PBXBuildFile; fileRef = ADB6169420B9590600B637D6 /* MPHorizontalScrollView.xib */; };
		ADB6169720B9785800B637D6 /* MPSelectionTagViewController.swift in Sources */ = {isa = PBXBuildFile; fileRef = ADB6169620B9785800B637D6 /* MPSelectionTagViewController.swift */; };
		ADB8797520BDB659005FFA8D /* DrawLineView.swift in Sources */ = {isa = PBXBuildFile; fileRef = ADB8797420BDB659005FFA8D /* DrawLineView.swift */; };
		ADC3426720B7E85D00B2F04C /* MPRecipeDetailStepsViewController.swift in Sources */ = {isa = PBXBuildFile; fileRef = ADC3426620B7E85D00B2F04C /* MPRecipeDetailStepsViewController.swift */; };
		ADF599AE20AD35C100C73097 /* GoogleService-Info.plist in Resources */ = {isa = PBXBuildFile; fileRef = ADF599AD20AD35C100C73097 /* GoogleService-Info.plist */; };
		ADF599B220AD394400C73097 /* MPFirebaseManager.swift in Sources */ = {isa = PBXBuildFile; fileRef = ADF599B120AD394400C73097 /* MPFirebaseManager.swift */; };
		ADF599B920ADBDC700C73097 /* DiscoverCardView.xib in Resources */ = {isa = PBXBuildFile; fileRef = ADF599B820ADBDC700C73097 /* DiscoverCardView.xib */; };
		ADF599BB20ADBEA600C73097 /* DiscoverCardView.swift in Sources */ = {isa = PBXBuildFile; fileRef = ADF599BA20ADBEA600C73097 /* DiscoverCardView.swift */; };
		ADF599BD20ADC5A100C73097 /* DiscoveryPageViewController.swift in Sources */ = {isa = PBXBuildFile; fileRef = ADF599BC20ADC5A100C73097 /* DiscoveryPageViewController.swift */; };
/* End PBXBuildFile section */

/* Begin PBXFileReference section */
		7CCEE3EA7654681829386709 /* Pods_MealPlan.framework */ = {isa = PBXFileReference; explicitFileType = wrapper.framework; includeInIndex = 0; path = Pods_MealPlan.framework; sourceTree = BUILT_PRODUCTS_DIR; };
		91D3A854EB771AFC1F089BC5 /* Pods-MealPlan.debug.xcconfig */ = {isa = PBXFileReference; includeInIndex = 1; lastKnownFileType = text.xcconfig; name = "Pods-MealPlan.debug.xcconfig"; path = "Pods/Target Support Files/Pods-MealPlan/Pods-MealPlan.debug.xcconfig"; sourceTree = "<group>"; };
		AD00236D20C0705500ED7AD0 /* Search.storyboard */ = {isa = PBXFileReference; lastKnownFileType = file.storyboard; path = Search.storyboard; sourceTree = "<group>"; };
		AD1D922D209B6B5200B9AFE9 /* MPHttpRequest.swift */ = {isa = PBXFileReference; lastKnownFileType = sourcecode.swift; path = MPHttpRequest.swift; sourceTree = "<group>"; };
		AD1D922F209B737400B9AFE9 /* MPError.swift */ = {isa = PBXFileReference; lastKnownFileType = sourcecode.swift; path = MPError.swift; sourceTree = "<group>"; };
		AD1D9231209B759F00B9AFE9 /* MPHttpClient.swift */ = {isa = PBXFileReference; lastKnownFileType = sourcecode.swift; path = MPHttpClient.swift; sourceTree = "<group>"; };
		AD260DD920AF1FFC007D4C89 /* MPFirebaseModel.swift */ = {isa = PBXFileReference; lastKnownFileType = sourcecode.swift; path = MPFirebaseModel.swift; sourceTree = "<group>"; };
		AD2C8E322096EFAD0083B229 /* MealPlan.app */ = {isa = PBXFileReference; explicitFileType = wrapper.application; includeInIndex = 0; path = MealPlan.app; sourceTree = BUILT_PRODUCTS_DIR; };
		AD2C8E352096EFAD0083B229 /* AppDelegate.swift */ = {isa = PBXFileReference; lastKnownFileType = sourcecode.swift; path = AppDelegate.swift; sourceTree = "<group>"; };
		AD2C8E372096EFAD0083B229 /* ViewController.swift */ = {isa = PBXFileReference; lastKnownFileType = sourcecode.swift; path = ViewController.swift; sourceTree = "<group>"; };
		AD2C8E3A2096EFAD0083B229 /* Base */ = {isa = PBXFileReference; lastKnownFileType = file.storyboard; name = Base; path = Base.lproj/Main.storyboard; sourceTree = "<group>"; };
		AD2C8E3C2096EFAF0083B229 /* Assets.xcassets */ = {isa = PBXFileReference; lastKnownFileType = folder.assetcatalog; path = Assets.xcassets; sourceTree = "<group>"; };
		AD2C8E3F2096EFAF0083B229 /* Base */ = {isa = PBXFileReference; lastKnownFileType = file.storyboard; name = Base; path = Base.lproj/LaunchScreen.storyboard; sourceTree = "<group>"; };
		AD2C8E412096EFAF0083B229 /* Info.plist */ = {isa = PBXFileReference; lastKnownFileType = text.plist.xml; path = Info.plist; sourceTree = "<group>"; };
		AD2C8E4B20971AFA0083B229 /* CustomCell.swift */ = {isa = PBXFileReference; lastKnownFileType = sourcecode.swift; path = CustomCell.swift; sourceTree = "<group>"; };
		AD2C8E4D2097558C0083B229 /* CalendarCell.swift */ = {isa = PBXFileReference; lastKnownFileType = sourcecode.swift; path = CalendarCell.swift; sourceTree = "<group>"; };
		AD2C8E4E2097558C0083B229 /* CalendarCell.xib */ = {isa = PBXFileReference; lastKnownFileType = file.xib; path = CalendarCell.xib; sourceTree = "<group>"; };
		AD2F274020AA95E900F8CA1B /* PhotoViewController.swift */ = {isa = PBXFileReference; lastKnownFileType = sourcecode.swift; path = PhotoViewController.swift; sourceTree = "<group>"; };
		AD2F274220AA96CB00F8CA1B /* CameraViewController.swift */ = {isa = PBXFileReference; lastKnownFileType = sourcecode.swift; path = CameraViewController.swift; sourceTree = "<group>"; };
		AD428EE120A2C66700A04A32 /* RealmManager.swift */ = {isa = PBXFileReference; lastKnownFileType = sourcecode.swift; path = RealmManager.swift; sourceTree = "<group>"; };
		AD428EE320A2C6C200A04A32 /* RecipeCalendarModel.swift */ = {isa = PBXFileReference; lastKnownFileType = sourcecode.swift; path = RecipeCalendarModel.swift; sourceTree = "<group>"; };
		AD428EE520A32D1E00A04A32 /* AddPagePopupNavigationController.swift */ = {isa = PBXFileReference; lastKnownFileType = sourcecode.swift; path = AddPagePopupNavigationController.swift; sourceTree = "<group>"; };
		AD4E2CF120A14C6300C4573F /* RecipeSearchResultCell.swift */ = {isa = PBXFileReference; lastKnownFileType = sourcecode.swift; path = RecipeSearchResultCell.swift; sourceTree = "<group>"; };
		AD4E2CF220A14C6300C4573F /* RecipeSearchResultCell.xib */ = {isa = PBXFileReference; lastKnownFileType = file.xib; path = RecipeSearchResultCell.xib; sourceTree = "<group>"; };
		AD4E2CF620A175E700C4573F /* AddPageAnimationController.swift */ = {isa = PBXFileReference; lastKnownFileType = sourcecode.swift; path = AddPageAnimationController.swift; sourceTree = "<group>"; };
		AD5380F220B724D900B63062 /* DrawCameraLineManager.swift */ = {isa = PBXFileReference; lastKnownFileType = sourcecode.swift; path = DrawCameraLineManager.swift; sourceTree = "<group>"; };
		AD53A1F3209FF15D0016E4D1 /* MPTagViewController.swift */ = {isa = PBXFileReference; lastKnownFileType = sourcecode.swift; path = MPTagViewController.swift; sourceTree = "<group>"; };
		AD566B48209B0545009915F3 /* AddPageHistoryController.swift */ = {isa = PBXFileReference; lastKnownFileType = sourcecode.swift; path = AddPageHistoryController.swift; sourceTree = "<group>"; };
		AD566B4A209B0649009915F3 /* AddPageViewController.swift */ = {isa = PBXFileReference; lastKnownFileType = sourcecode.swift; path = AddPageViewController.swift; sourceTree = "<group>"; };
		AD566B4C209B0B6F009915F3 /* AddPagePickupController.swift */ = {isa = PBXFileReference; lastKnownFileType = sourcecode.swift; path = AddPagePickupController.swift; sourceTree = "<group>"; };
		AD57814C20A47C5900130388 /* DateFormatManager.swift */ = {isa = PBXFileReference; lastKnownFileType = sourcecode.swift; path = DateFormatManager.swift; sourceTree = "<group>"; };
		AD59477020B019D900B9C915 /* MPTabBarController.swift */ = {isa = PBXFileReference; lastKnownFileType = sourcecode.swift; path = MPTabBarController.swift; sourceTree = "<group>"; };
		AD59477220B01AA400B9C915 /* Discovery.storyboard */ = {isa = PBXFileReference; lastKnownFileType = file.storyboard; path = Discovery.storyboard; sourceTree = "<group>"; };
		AD59477420B01B0300B9C915 /* MealPlan.storyboard */ = {isa = PBXFileReference; lastKnownFileType = file.storyboard; path = MealPlan.storyboard; sourceTree = "<group>"; };
		AD59477720B024B500B9C915 /* Login.storyboard */ = {isa = PBXFileReference; lastKnownFileType = file.storyboard; path = Login.storyboard; sourceTree = "<group>"; };
		AD59477920B0367500B9C915 /* PopupButtonsManager.swift */ = {isa = PBXFileReference; lastKnownFileType = sourcecode.swift; path = PopupButtonsManager.swift; sourceTree = "<group>"; };
		AD5D380920B3E5EF004B65BF /* MPSliderView.xib */ = {isa = PBXFileReference; lastKnownFileType = file.xib; path = MPSliderView.xib; sourceTree = "<group>"; };
		AD5D380C20B3E6F8004B65BF /* MPSliderView.swift */ = {isa = PBXFileReference; lastKnownFileType = sourcecode.swift; path = MPSliderView.swift; sourceTree = "<group>"; };
		AD5D380F20B3EB4E004B65BF /* AddRecipeInformationSliderCell.swift */ = {isa = PBXFileReference; lastKnownFileType = sourcecode.swift; path = AddRecipeInformationSliderCell.swift; sourceTree = "<group>"; };
		AD5D381020B3EB4E004B65BF /* AddRecipeInformationSliderCell.xib */ = {isa = PBXFileReference; lastKnownFileType = file.xib; path = AddRecipeInformationSliderCell.xib; sourceTree = "<group>"; };
		AD5D381320B3F86F004B65BF /* SliderViewController.swift */ = {isa = PBXFileReference; lastKnownFileType = sourcecode.swift; path = SliderViewController.swift; sourceTree = "<group>"; };
		AD5D381520B41F6A004B65BF /* AlertManager.swift */ = {isa = PBXFileReference; lastKnownFileType = sourcecode.swift; path = AlertManager.swift; sourceTree = "<group>"; };
		AD5D381720B42168004B65BF /* SaveImageManager.swift */ = {isa = PBXFileReference; lastKnownFileType = sourcecode.swift; path = SaveImageManager.swift; sourceTree = "<group>"; };
		AD5D381A20B45003004B65BF /* MPNutrientsEditView.swift */ = {isa = PBXFileReference; lastKnownFileType = sourcecode.swift; path = MPNutrientsEditView.swift; sourceTree = "<group>"; };
		AD5D381C20B4501C004B65BF /* MPNutrientsEditView.xib */ = {isa = PBXFileReference; lastKnownFileType = file.xib; path = MPNutrientsEditView.xib; sourceTree = "<group>"; };
		AD5D381E20B45278004B65BF /* NutrientsEditViewController.swift */ = {isa = PBXFileReference; lastKnownFileType = sourcecode.swift; path = NutrientsEditViewController.swift; sourceTree = "<group>"; };
		AD5D382520B455E4004B65BF /* NutrientsEditCell.swift */ = {isa = PBXFileReference; lastKnownFileType = sourcecode.swift; path = NutrientsEditCell.swift; sourceTree = "<group>"; };
		AD5D382620B455E4004B65BF /* NutrientsEditCell.xib */ = {isa = PBXFileReference; lastKnownFileType = file.xib; path = NutrientsEditCell.xib; sourceTree = "<group>"; };
		AD679E5B209C284E00039ED4 /* RecipeModel.swift */ = {isa = PBXFileReference; lastKnownFileType = sourcecode.swift; path = RecipeModel.swift; sourceTree = "<group>"; };
		AD679E5D209C308500039ED4 /* RecipeProvider.swift */ = {isa = PBXFileReference; lastKnownFileType = sourcecode.swift; path = RecipeProvider.swift; sourceTree = "<group>"; };
		AD679E5F209C37ED00039ED4 /* RecipeManager.swift */ = {isa = PBXFileReference; lastKnownFileType = sourcecode.swift; path = RecipeManager.swift; sourceTree = "<group>"; };
		AD6C0C5520A7FBB100EE49CA /* MPRecipeDetailViewController.swift */ = {isa = PBXFileReference; lastKnownFileType = sourcecode.swift; path = MPRecipeDetailViewController.swift; sourceTree = "<group>"; };
		AD6ED3F220B2B3A600B194BF /* NSLayoutConstraintExtension.swift */ = {isa = PBXFileReference; lastKnownFileType = sourcecode.swift; path = NSLayoutConstraintExtension.swift; sourceTree = "<group>"; };
		AD6ED3F420B2B83800B194BF /* TextViewController.swift */ = {isa = PBXFileReference; lastKnownFileType = sourcecode.swift; path = TextViewController.swift; sourceTree = "<group>"; };
		AD6FB21D20A971060000A44F /* RecipeDetailTitle.swift */ = {isa = PBXFileReference; lastKnownFileType = sourcecode.swift; path = RecipeDetailTitle.swift; sourceTree = "<group>"; };
		AD6FB22220A97FFD0000A44F /* MPRecipeDetailWebViewController.swift */ = {isa = PBXFileReference; lastKnownFileType = sourcecode.swift; path = MPRecipeDetailWebViewController.swift; sourceTree = "<group>"; };
		AD6FD06520B0680100148414 /* TestViewController.swift */ = {isa = PBXFileReference; lastKnownFileType = sourcecode.swift; path = TestViewController.swift; sourceTree = "<group>"; };
		AD7044232099A5590022E15D /* MPPieChart.swift */ = {isa = PBXFileReference; lastKnownFileType = sourcecode.swift; path = MPPieChart.swift; sourceTree = "<group>"; };
		AD72B89920BF940700A4C978 /* MPIndependentCollectionViewController.swift */ = {isa = PBXFileReference; lastKnownFileType = sourcecode.swift; path = MPIndependentCollectionViewController.swift; sourceTree = "<group>"; };
		AD72B89F20BF972D00A4C978 /* RecipeStepCollectionViewCell.swift */ = {isa = PBXFileReference; lastKnownFileType = sourcecode.swift; path = RecipeStepCollectionViewCell.swift; sourceTree = "<group>"; };
		AD72B8A020BF972D00A4C978 /* RecipeStepCollectionViewCell.xib */ = {isa = PBXFileReference; lastKnownFileType = file.xib; path = RecipeStepCollectionViewCell.xib; sourceTree = "<group>"; };
		AD72B8AA20BFDE2000A4C978 /* IngredientEditTableViewCell.swift */ = {isa = PBXFileReference; lastKnownFileType = sourcecode.swift; path = IngredientEditTableViewCell.swift; sourceTree = "<group>"; };
		AD72B8AB20BFDE2000A4C978 /* IngredientEditTableViewCell.xib */ = {isa = PBXFileReference; lastKnownFileType = file.xib; path = IngredientEditTableViewCell.xib; sourceTree = "<group>"; };
		AD72B8AE20BFE54A00A4C978 /* AddRecipeIngredientViewController.swift */ = {isa = PBXFileReference; lastKnownFileType = sourcecode.swift; path = AddRecipeIngredientViewController.swift; sourceTree = "<group>"; };
		AD72B8B120BFF39300A4C978 /* MPIngredientAddButtonTableViewCell.swift */ = {isa = PBXFileReference; lastKnownFileType = sourcecode.swift; path = MPIngredientAddButtonTableViewCell.swift; sourceTree = "<group>"; };
		AD72B8B220BFF39300A4C978 /* MPIngredientAddButtonTableViewCell.xib */ = {isa = PBXFileReference; lastKnownFileType = file.xib; path = MPIngredientAddButtonTableViewCell.xib; sourceTree = "<group>"; };
		AD72B8B520BFF3DB00A4C978 /* IngredientAddButtonViewController.swift */ = {isa = PBXFileReference; lastKnownFileType = sourcecode.swift; path = IngredientAddButtonViewController.swift; sourceTree = "<group>"; };
		AD72B8B820BFF5FF00A4C978 /* MPIngredientAddButtonView.swift */ = {isa = PBXFileReference; lastKnownFileType = sourcecode.swift; path = MPIngredientAddButtonView.swift; sourceTree = "<group>"; };
		AD72B8BA20BFF61300A4C978 /* MPIngredientAddButtonView.xib */ = {isa = PBXFileReference; lastKnownFileType = file.xib; path = MPIngredientAddButtonView.xib; sourceTree = "<group>"; };
		AD7C009420B6721F004F40E7 /* RecipeDetailIngredientCell.swift */ = {isa = PBXFileReference; lastKnownFileType = sourcecode.swift; path = RecipeDetailIngredientCell.swift; sourceTree = "<group>"; };
		AD7C009520B6721F004F40E7 /* RecipeDetailIngredientCell.xib */ = {isa = PBXFileReference; lastKnownFileType = file.xib; path = RecipeDetailIngredientCell.xib; sourceTree = "<group>"; };
		AD81675820BD4E9300C61849 /* MPScrollNavigationViewController.swift */ = {isa = PBXFileReference; lastKnownFileType = sourcecode.swift; path = MPScrollNavigationViewController.swift; sourceTree = "<group>"; };
		AD81675A20BD500100C61849 /* CreateRecipeStepsViewController.swift */ = {isa = PBXFileReference; lastKnownFileType = sourcecode.swift; path = CreateRecipeStepsViewController.swift; sourceTree = "<group>"; };
		AD85E55720B19561002B80EB /* AddRecipeInformationViewController.swift */ = {isa = PBXFileReference; lastKnownFileType = sourcecode.swift; path = AddRecipeInformationViewController.swift; sourceTree = "<group>"; };
		AD85E55A20B1A42D002B80EB /* AddRecipeInformationTextFieldCell.swift */ = {isa = PBXFileReference; lastKnownFileType = sourcecode.swift; path = AddRecipeInformationTextFieldCell.swift; sourceTree = "<group>"; };
		AD85E55B20B1A42D002B80EB /* AddRecipeInformationTextFieldCell.xib */ = {isa = PBXFileReference; lastKnownFileType = file.xib; path = AddRecipeInformationTextFieldCell.xib; sourceTree = "<group>"; };
		AD85E55F20B1AE82002B80EB /* AddRecipeInformationTextFieldWithImageCell.swift */ = {isa = PBXFileReference; lastKnownFileType = sourcecode.swift; path = AddRecipeInformationTextFieldWithImageCell.swift; sourceTree = "<group>"; };
		AD85E56020B1AE82002B80EB /* AddRecipeInformationTextFieldWithImageCell.xib */ = {isa = PBXFileReference; lastKnownFileType = file.xib; path = AddRecipeInformationTextFieldWithImageCell.xib; sourceTree = "<group>"; };
		AD85E56520B1C36B002B80EB /* ImagePickerViewController.swift */ = {isa = PBXFileReference; lastKnownFileType = sourcecode.swift; path = ImagePickerViewController.swift; sourceTree = "<group>"; };
		AD8A087A209EB47600C3DB84 /* AddPagePopupTableViewController.swift */ = {isa = PBXFileReference; lastKnownFileType = sourcecode.swift; path = AddPagePopupTableViewController.swift; sourceTree = "<group>"; };
		AD8A087C209ED65000C3DB84 /* RecipeTableViewCell.swift */ = {isa = PBXFileReference; lastKnownFileType = sourcecode.swift; path = RecipeTableViewCell.swift; sourceTree = "<group>"; };
		AD8A087D209ED65000C3DB84 /* RecipeTableViewCell.xib */ = {isa = PBXFileReference; lastKnownFileType = file.xib; path = RecipeTableViewCell.xib; sourceTree = "<group>"; };
		AD8A0881209F41B800C3DB84 /* RecipeClassModel.swift */ = {isa = PBXFileReference; lastKnownFileType = sourcecode.swift; path = RecipeClassModel.swift; sourceTree = "<group>"; };
		AD94BB3520A71D6600D3B791 /* AddPagePopupView.swift */ = {isa = PBXFileReference; lastKnownFileType = sourcecode.swift; path = AddPagePopupView.swift; sourceTree = "<group>"; };
		AD94BB3720A7E7CE00D3B791 /* ZoomTransitionDelegate.swift */ = {isa = PBXFileReference; lastKnownFileType = sourcecode.swift; path = ZoomTransitionDelegate.swift; sourceTree = "<group>"; };
		ADA38AA720BF000100DE86F6 /* AddRecipeStepsViewController.swift */ = {isa = PBXFileReference; lastKnownFileType = sourcecode.swift; path = AddRecipeStepsViewController.swift; sourceTree = "<group>"; };
		ADA38AA920BF1EDB00DE86F6 /* AddRecipeStepViewController.swift */ = {isa = PBXFileReference; lastKnownFileType = sourcecode.swift; path = AddRecipeStepViewController.swift; sourceTree = "<group>"; };
		ADA38AAC20BF2CCE00DE86F6 /* RecipeStepTableViewCell.swift */ = {isa = PBXFileReference; lastKnownFileType = sourcecode.swift; path = RecipeStepTableViewCell.swift; sourceTree = "<group>"; };
		ADA38AAD20BF2CCE00DE86F6 /* RecipeStepTableViewCell.xib */ = {isa = PBXFileReference; lastKnownFileType = file.xib; path = RecipeStepTableViewCell.xib; sourceTree = "<group>"; };
		ADA4342320A03C6E002C7148 /* AddPageTag.swift */ = {isa = PBXFileReference; lastKnownFileType = sourcecode.swift; path = AddPageTag.swift; sourceTree = "<group>"; };
		ADA4342520A04B16002C7148 /* SearchViewController.swift */ = {isa = PBXFileReference; lastKnownFileType = sourcecode.swift; path = SearchViewController.swift; sourceTree = "<group>"; };
		ADA469FC20BE40F800A80F25 /* GradientImageView.swift */ = {isa = PBXFileReference; lastKnownFileType = sourcecode.swift; path = GradientImageView.swift; sourceTree = "<group>"; };
		ADAA4DA820AC1319002F9658 /* RecipeNoteView.swift */ = {isa = PBXFileReference; lastKnownFileType = sourcecode.swift; path = RecipeNoteView.swift; sourceTree = "<group>"; };
		ADAA4DA920AC1319002F9658 /* RecipeNoteView.xib */ = {isa = PBXFileReference; lastKnownFileType = file.xib; path = RecipeNoteView.xib; sourceTree = "<group>"; };
		ADAC0FC120C2965F0060750A /* AddToCalendarViewController.swift */ = {isa = PBXFileReference; lastKnownFileType = sourcecode.swift; path = AddToCalendarViewController.swift; sourceTree = "<group>"; };
		ADAEAC2A20981F33001B44CF /* MPTableViewController.swift */ = {isa = PBXFileReference; lastKnownFileType = sourcecode.swift; path = MPTableViewController.swift; sourceTree = "<group>"; };
		ADAEAC2C20983CA6001B44CF /* MealPlanViewController.swift */ = {isa = PBXFileReference; lastKnownFileType = sourcecode.swift; path = MealPlanViewController.swift; sourceTree = "<group>"; };
		ADAEAC3020984E87001B44CF /* HorizontalCollectionViewCell.swift */ = {isa = PBXFileReference; lastKnownFileType = sourcecode.swift; path = HorizontalCollectionViewCell.swift; sourceTree = "<group>"; };
		ADAEAC3120984E87001B44CF /* HorizontalCollectionViewCell.xib */ = {isa = PBXFileReference; lastKnownFileType = file.xib; path = HorizontalCollectionViewCell.xib; sourceTree = "<group>"; };
		ADAEAC352098506B001B44CF /* HorizontalCollectionView.swift */ = {isa = PBXFileReference; lastKnownFileType = sourcecode.swift; path = HorizontalCollectionView.swift; sourceTree = "<group>"; };
		ADAEAC362098506B001B44CF /* HorizontalCollectionView.xib */ = {isa = PBXFileReference; lastKnownFileType = file.xib; path = HorizontalCollectionView.xib; sourceTree = "<group>"; };
		ADAEAC3A20985B98001B44CF /* MPCollectionViewController.swift */ = {isa = PBXFileReference; lastKnownFileType = sourcecode.swift; path = MPCollectionViewController.swift; sourceTree = "<group>"; };
		ADAEAC4420985E53001B44CF /* MPCalendarView.swift */ = {isa = PBXFileReference; lastKnownFileType = sourcecode.swift; path = MPCalendarView.swift; sourceTree = "<group>"; };
		ADAEAC462098670A001B44CF /* CalendarCollectionView.swift */ = {isa = PBXFileReference; lastKnownFileType = sourcecode.swift; path = CalendarCollectionView.swift; sourceTree = "<group>"; };
		ADAEAC472098670A001B44CF /* CalendarCollectionView.xib */ = {isa = PBXFileReference; lastKnownFileType = file.xib; path = CalendarCollectionView.xib; sourceTree = "<group>"; };
		ADB6168820B90C2A00B637D6 /* HintLabels.swift */ = {isa = PBXFileReference; lastKnownFileType = sourcecode.swift; path = HintLabels.swift; sourceTree = "<group>"; };
		ADB6168A20B91F7800B637D6 /* AddByClassificationViewController.swift */ = {isa = PBXFileReference; lastKnownFileType = sourcecode.swift; path = AddByClassificationViewController.swift; sourceTree = "<group>"; };
		ADB6168F20B9581A00B637D6 /* MPHorizontalScrollViewController.swift */ = {isa = PBXFileReference; lastKnownFileType = sourcecode.swift; path = MPHorizontalScrollViewController.swift; sourceTree = "<group>"; };
		ADB6169220B958E500B637D6 /* MPHorizontalScrollView.swift */ = {isa = PBXFileReference; lastKnownFileType = sourcecode.swift; path = MPHorizontalScrollView.swift; sourceTree = "<group>"; };
		ADB6169420B9590600B637D6 /* MPHorizontalScrollView.xib */ = {isa = PBXFileReference; lastKnownFileType = file.xib; path = MPHorizontalScrollView.xib; sourceTree = "<group>"; };
		ADB6169620B9785800B637D6 /* MPSelectionTagViewController.swift */ = {isa = PBXFileReference; lastKnownFileType = sourcecode.swift; path = MPSelectionTagViewController.swift; sourceTree = "<group>"; };
		ADB8797420BDB659005FFA8D /* DrawLineView.swift */ = {isa = PBXFileReference; lastKnownFileType = sourcecode.swift; path = DrawLineView.swift; sourceTree = "<group>"; };
		ADC3426620B7E85D00B2F04C /* MPRecipeDetailStepsViewController.swift */ = {isa = PBXFileReference; lastKnownFileType = sourcecode.swift; path = MPRecipeDetailStepsViewController.swift; sourceTree = "<group>"; };
		ADF599AD20AD35C100C73097 /* GoogleService-Info.plist */ = {isa = PBXFileReference; fileEncoding = 4; lastKnownFileType = text.plist.xml; path = "GoogleService-Info.plist"; sourceTree = "<group>"; };
		ADF599B120AD394400C73097 /* MPFirebaseManager.swift */ = {isa = PBXFileReference; lastKnownFileType = sourcecode.swift; path = MPFirebaseManager.swift; sourceTree = "<group>"; };
		ADF599B820ADBDC700C73097 /* DiscoverCardView.xib */ = {isa = PBXFileReference; lastKnownFileType = file.xib; path = DiscoverCardView.xib; sourceTree = "<group>"; };
		ADF599BA20ADBEA600C73097 /* DiscoverCardView.swift */ = {isa = PBXFileReference; lastKnownFileType = sourcecode.swift; path = DiscoverCardView.swift; sourceTree = "<group>"; };
		ADF599BC20ADC5A100C73097 /* DiscoveryPageViewController.swift */ = {isa = PBXFileReference; lastKnownFileType = sourcecode.swift; path = DiscoveryPageViewController.swift; sourceTree = "<group>"; };
		D37309EFBDECF37451CD0041 /* Pods-MealPlan.release.xcconfig */ = {isa = PBXFileReference; includeInIndex = 1; lastKnownFileType = text.xcconfig; name = "Pods-MealPlan.release.xcconfig"; path = "Pods/Target Support Files/Pods-MealPlan/Pods-MealPlan.release.xcconfig"; sourceTree = "<group>"; };
/* End PBXFileReference section */

/* Begin PBXFrameworksBuildPhase section */
		AD2C8E2F2096EFAD0083B229 /* Frameworks */ = {
			isa = PBXFrameworksBuildPhase;
			buildActionMask = 2147483647;
			files = (
				5CE24D471EAAD651562BBEC1 /* Pods_MealPlan.framework in Frameworks */,
			);
			runOnlyForDeploymentPostprocessing = 0;
		};
/* End PBXFrameworksBuildPhase section */

/* Begin PBXGroup section */
		AD2C8E292096EFAD0083B229 = {
			isa = PBXGroup;
			children = (
				AD2C8E342096EFAD0083B229 /* MealPlan */,
				AD2C8E332096EFAD0083B229 /* Products */,
				B8EDB626E49D95E5CD959838 /* Pods */,
				F2D0D3FD2EFC071D86095695 /* Frameworks */,
			);
			sourceTree = "<group>";
		};
		AD2C8E332096EFAD0083B229 /* Products */ = {
			isa = PBXGroup;
			children = (
				AD2C8E322096EFAD0083B229 /* MealPlan.app */,
			);
			name = Products;
			sourceTree = "<group>";
		};
		AD2C8E342096EFAD0083B229 /* MealPlan */ = {
			isa = PBXGroup;
			children = (
				ADB6168720B90C1100B637D6 /* Support */,
				AD6ED3F120B2B38E00B194BF /* Extension */,
				AD2C8E4A2096F0040083B229 /* Controller */,
				AD2C8E492096EFFE0083B229 /* View */,
				AD2C8E472096EFEB0083B229 /* Model */,
				AD59477620B01B3400B9C915 /* Storyboard */,
				AD2C8E352096EFAD0083B229 /* AppDelegate.swift */,
				AD2C8E372096EFAD0083B229 /* ViewController.swift */,
				AD2C8E4B20971AFA0083B229 /* CustomCell.swift */,
				AD2C8E3C2096EFAF0083B229 /* Assets.xcassets */,
				AD2C8E3E2096EFAF0083B229 /* LaunchScreen.storyboard */,
				AD2C8E412096EFAF0083B229 /* Info.plist */,
				ADF599AD20AD35C100C73097 /* GoogleService-Info.plist */,
			);
			path = MealPlan;
			sourceTree = "<group>";
		};
		AD2C8E472096EFEB0083B229 /* Model */ = {
			isa = PBXGroup;
			children = (
				ADF599B020AD393300C73097 /* Firebase */,
				AD901C5820A20E5800C88219 /* Database */,
				AD1D922D209B6B5200B9AFE9 /* MPHttpRequest.swift */,
				AD1D922F209B737400B9AFE9 /* MPError.swift */,
				AD1D9231209B759F00B9AFE9 /* MPHttpClient.swift */,
				AD679E5B209C284E00039ED4 /* RecipeModel.swift */,
				AD679E5D209C308500039ED4 /* RecipeProvider.swift */,
				AD679E5F209C37ED00039ED4 /* RecipeManager.swift */,
				AD8A0881209F41B800C3DB84 /* RecipeClassModel.swift */,
				ADA4342320A03C6E002C7148 /* AddPageTag.swift */,
			);
			path = Model;
			sourceTree = "<group>";
		};
		AD2C8E492096EFFE0083B229 /* View */ = {
			isa = PBXGroup;
			children = (
				AD72B8B720BFF5E200A4C978 /* MPIngredientAddButtonView */,
				AD72B8B020BFF15C00A4C978 /* MPIngredientAddButtonCell */,
				AD72B8A320BFD66D00A4C978 /* MPIngredientEditCell */,
				ADA38AAB20BF2C9D00DE86F6 /* RecipeStepCell */,
				ADB6169120B958C700B637D6 /* MPHorizontalScrollView */,
				AD7C009320B671EF004F40E7 /* RecipeDetailIngredients */,
				AD5D382020B45516004B65BF /* AddRecipeInformationNutrientsEditCell */,
				AD5D381920B44FC6004B65BF /* MPNutrientsEditView */,
				AD5D380E20B3EB17004B65BF /* AddRecipeInformationSliderCell */,
				AD5D380B20B3E6DB004B65BF /* MPSliderView */,
				AD85E55E20B1AE0C002B80EB /* AddRecipeInformationTextFieldWithImage */,
				AD85E55920B1A3F2002B80EB /* AddRecipeInformationTextField */,
				ADF599B320ADBD5E00C73097 /* DiscoverCard */,
				ADAA4DA720AC12D2002F9658 /* RecipeNoteView */,
				AD6FB22120A9710C0000A44F /* RecipeDetailTitle */,
				AD4E2CF520A14C6800C4573F /* RecipeSearchResultCell */,
				AD8A0880209ED65700C3DB84 /* RecipeTableViewCell */,
				ADAEAC342098501A001B44CF /* HorizontalCollectionView */,
				ADAEAC2F20984E56001B44CF /* HorizontalCollectionViewCell */,
				ADAEAC3920985B25001B44CF /* CalendarView */,
				ADAEAC2E20984E38001B44CF /* CalendarCell */,
				AD94BB3520A71D6600D3B791 /* AddPagePopupView.swift */,
				AD94BB3720A7E7CE00D3B791 /* ZoomTransitionDelegate.swift */,
			);
			path = View;
			sourceTree = "<group>";
		};
		AD2C8E4A2096F0040083B229 /* Controller */ = {
			isa = PBXGroup;
			children = (
				ADAC0FBF20C277230060750A /* DetailViewController */,
				ADAC0FC020C277DD0060750A /* AddByClassification */,
				ADAC0FBE20C277090060750A /* SearchViewController */,
				ADAEAC2A20981F33001B44CF /* MPTableViewController.swift */,
				AD72B89920BF940700A4C978 /* MPIndependentCollectionViewController.swift */,
				ADAEAC4420985E53001B44CF /* MPCalendarView.swift */,
				AD7044232099A5590022E15D /* MPPieChart.swift */,
				AD566B48209B0545009915F3 /* AddPageHistoryController.swift */,
				AD566B4C209B0B6F009915F3 /* AddPagePickupController.swift */,
				AD566B4A209B0649009915F3 /* AddPageViewController.swift */,
				AD8A087A209EB47600C3DB84 /* AddPagePopupTableViewController.swift */,
				AD53A1F3209FF15D0016E4D1 /* MPTagViewController.swift */,
				ADB6169620B9785800B637D6 /* MPSelectionTagViewController.swift */,
				AD4E2CF620A175E700C4573F /* AddPageAnimationController.swift */,
				AD428EE520A32D1E00A04A32 /* AddPagePopupNavigationController.swift */,
				AD57814C20A47C5900130388 /* DateFormatManager.swift */,
				AD2F274020AA95E900F8CA1B /* PhotoViewController.swift */,
				AD2F274220AA96CB00F8CA1B /* CameraViewController.swift */,
				ADF599BC20ADC5A100C73097 /* DiscoveryPageViewController.swift */,
				AD59477020B019D900B9C915 /* MPTabBarController.swift */,
				AD59477920B0367500B9C915 /* PopupButtonsManager.swift */,
				AD6FD06520B0680100148414 /* TestViewController.swift */,
				AD85E55720B19561002B80EB /* AddRecipeInformationViewController.swift */,
				ADA38AA720BF000100DE86F6 /* AddRecipeStepsViewController.swift */,
				ADA38AA920BF1EDB00DE86F6 /* AddRecipeStepViewController.swift */,
				AD85E56520B1C36B002B80EB /* ImagePickerViewController.swift */,
				AD6ED3F420B2B83800B194BF /* TextViewController.swift */,
				AD5D381320B3F86F004B65BF /* SliderViewController.swift */,
				AD5D381E20B45278004B65BF /* NutrientsEditViewController.swift */,
				AD5D381520B41F6A004B65BF /* AlertManager.swift */,
				AD5D381720B42168004B65BF /* SaveImageManager.swift */,
				AD5380F220B724D900B63062 /* DrawCameraLineManager.swift */,
				ADC3426620B7E85D00B2F04C /* MPRecipeDetailStepsViewController.swift */,
				ADB6168F20B9581A00B637D6 /* MPHorizontalScrollViewController.swift */,
				AD81675820BD4E9300C61849 /* MPScrollNavigationViewController.swift */,
				AD81675A20BD500100C61849 /* CreateRecipeStepsViewController.swift */,
				ADB8797420BDB659005FFA8D /* DrawLineView.swift */,
				AD72B8AE20BFE54A00A4C978 /* AddRecipeIngredientViewController.swift */,
				AD72B8B520BFF3DB00A4C978 /* IngredientAddButtonViewController.swift */,
				ADAEAC2C20983CA6001B44CF /* MealPlanViewController.swift */,
			);
			path = Controller;
			sourceTree = "<group>";
		};
		AD4E2CF520A14C6800C4573F /* RecipeSearchResultCell */ = {
			isa = PBXGroup;
			children = (
				AD4E2CF120A14C6300C4573F /* RecipeSearchResultCell.swift */,
				AD4E2CF220A14C6300C4573F /* RecipeSearchResultCell.xib */,
			);
			path = RecipeSearchResultCell;
			sourceTree = "<group>";
		};
		AD59477620B01B3400B9C915 /* Storyboard */ = {
			isa = PBXGroup;
			children = (
				AD2C8E392096EFAD0083B229 /* Main.storyboard */,
				AD59477420B01B0300B9C915 /* MealPlan.storyboard */,
				AD59477220B01AA400B9C915 /* Discovery.storyboard */,
				AD59477720B024B500B9C915 /* Login.storyboard */,
				AD00236D20C0705500ED7AD0 /* Search.storyboard */,
			);
			path = Storyboard;
			sourceTree = "<group>";
		};
		AD5D380B20B3E6DB004B65BF /* MPSliderView */ = {
			isa = PBXGroup;
			children = (
				AD5D380920B3E5EF004B65BF /* MPSliderView.xib */,
				AD5D380C20B3E6F8004B65BF /* MPSliderView.swift */,
			);
			path = MPSliderView;
			sourceTree = "<group>";
		};
		AD5D380E20B3EB17004B65BF /* AddRecipeInformationSliderCell */ = {
			isa = PBXGroup;
			children = (
				AD5D380F20B3EB4E004B65BF /* AddRecipeInformationSliderCell.swift */,
				AD5D381020B3EB4E004B65BF /* AddRecipeInformationSliderCell.xib */,
			);
			path = AddRecipeInformationSliderCell;
			sourceTree = "<group>";
		};
		AD5D381920B44FC6004B65BF /* MPNutrientsEditView */ = {
			isa = PBXGroup;
			children = (
				AD5D381A20B45003004B65BF /* MPNutrientsEditView.swift */,
				AD5D381C20B4501C004B65BF /* MPNutrientsEditView.xib */,
			);
			path = MPNutrientsEditView;
			sourceTree = "<group>";
		};
		AD5D382020B45516004B65BF /* AddRecipeInformationNutrientsEditCell */ = {
			isa = PBXGroup;
			children = (
				AD5D382520B455E4004B65BF /* NutrientsEditCell.swift */,
				AD5D382620B455E4004B65BF /* NutrientsEditCell.xib */,
			);
			path = AddRecipeInformationNutrientsEditCell;
			sourceTree = "<group>";
		};
		AD6ED3F120B2B38E00B194BF /* Extension */ = {
			isa = PBXGroup;
			children = (
				AD6ED3F220B2B3A600B194BF /* NSLayoutConstraintExtension.swift */,
			);
			path = Extension;
			sourceTree = "<group>";
		};
		AD6FB22120A9710C0000A44F /* RecipeDetailTitle */ = {
			isa = PBXGroup;
			children = (
				AD6FB21D20A971060000A44F /* RecipeDetailTitle.swift */,
			);
			path = RecipeDetailTitle;
			sourceTree = "<group>";
		};
		AD72B8A320BFD66D00A4C978 /* MPIngredientEditCell */ = {
			isa = PBXGroup;
			children = (
				AD72B8AA20BFDE2000A4C978 /* IngredientEditTableViewCell.swift */,
				AD72B8AB20BFDE2000A4C978 /* IngredientEditTableViewCell.xib */,
			);
			path = MPIngredientEditCell;
			sourceTree = "<group>";
		};
		AD72B8B020BFF15C00A4C978 /* MPIngredientAddButtonCell */ = {
			isa = PBXGroup;
			children = (
				AD72B8B120BFF39300A4C978 /* MPIngredientAddButtonTableViewCell.swift */,
				AD72B8B220BFF39300A4C978 /* MPIngredientAddButtonTableViewCell.xib */,
			);
			path = MPIngredientAddButtonCell;
			sourceTree = "<group>";
		};
		AD72B8B720BFF5E200A4C978 /* MPIngredientAddButtonView */ = {
			isa = PBXGroup;
			children = (
				AD72B8B820BFF5FF00A4C978 /* MPIngredientAddButtonView.swift */,
				AD72B8BA20BFF61300A4C978 /* MPIngredientAddButtonView.xib */,
			);
			path = MPIngredientAddButtonView;
			sourceTree = "<group>";
		};
		AD7C009320B671EF004F40E7 /* RecipeDetailIngredients */ = {
			isa = PBXGroup;
			children = (
				AD7C009420B6721F004F40E7 /* RecipeDetailIngredientCell.swift */,
				AD7C009520B6721F004F40E7 /* RecipeDetailIngredientCell.xib */,
			);
			path = RecipeDetailIngredients;
			sourceTree = "<group>";
		};
		AD85E55920B1A3F2002B80EB /* AddRecipeInformationTextField */ = {
			isa = PBXGroup;
			children = (
				AD85E55A20B1A42D002B80EB /* AddRecipeInformationTextFieldCell.swift */,
				AD85E55B20B1A42D002B80EB /* AddRecipeInformationTextFieldCell.xib */,
			);
			path = AddRecipeInformationTextField;
			sourceTree = "<group>";
		};
		AD85E55E20B1AE0C002B80EB /* AddRecipeInformationTextFieldWithImage */ = {
			isa = PBXGroup;
			children = (
				AD85E55F20B1AE82002B80EB /* AddRecipeInformationTextFieldWithImageCell.swift */,
				AD85E56020B1AE82002B80EB /* AddRecipeInformationTextFieldWithImageCell.xib */,
			);
			path = AddRecipeInformationTextFieldWithImage;
			sourceTree = "<group>";
		};
		AD8A0880209ED65700C3DB84 /* RecipeTableViewCell */ = {
			isa = PBXGroup;
			children = (
				AD8A087C209ED65000C3DB84 /* RecipeTableViewCell.swift */,
				AD8A087D209ED65000C3DB84 /* RecipeTableViewCell.xib */,
			);
			path = RecipeTableViewCell;
			sourceTree = "<group>";
		};
		AD901C5820A20E5800C88219 /* Database */ = {
			isa = PBXGroup;
			children = (
				AD428EE120A2C66700A04A32 /* RealmManager.swift */,
				AD428EE320A2C6C200A04A32 /* RecipeCalendarModel.swift */,
			);
			path = Database;
			sourceTree = "<group>";
		};
		ADA38AAB20BF2C9D00DE86F6 /* RecipeStepCell */ = {
			isa = PBXGroup;
			children = (
				ADA38AAC20BF2CCE00DE86F6 /* RecipeStepTableViewCell.swift */,
				ADA38AAD20BF2CCE00DE86F6 /* RecipeStepTableViewCell.xib */,
				AD72B89F20BF972D00A4C978 /* RecipeStepCollectionViewCell.swift */,
				AD72B8A020BF972D00A4C978 /* RecipeStepCollectionViewCell.xib */,
			);
			path = RecipeStepCell;
			sourceTree = "<group>";
		};
		ADAA4DA720AC12D2002F9658 /* RecipeNoteView */ = {
			isa = PBXGroup;
			children = (
				ADAA4DA820AC1319002F9658 /* RecipeNoteView.swift */,
				ADAA4DA920AC1319002F9658 /* RecipeNoteView.xib */,
			);
			path = RecipeNoteView;
			sourceTree = "<group>";
		};
		ADAC0FBE20C277090060750A /* SearchViewController */ = {
			isa = PBXGroup;
			children = (
				ADA4342520A04B16002C7148 /* SearchViewController.swift */,
				ADAEAC3A20985B98001B44CF /* MPCollectionViewController.swift */,
			);
			path = SearchViewController;
			sourceTree = "<group>";
		};
		ADAC0FBF20C277230060750A /* DetailViewController */ = {
			isa = PBXGroup;
			children = (
				AD6C0C5520A7FBB100EE49CA /* MPRecipeDetailViewController.swift */,
				AD6FB22220A97FFD0000A44F /* MPRecipeDetailWebViewController.swift */,
				ADAC0FC120C2965F0060750A /* AddToCalendarViewController.swift */,
			);
			path = DetailViewController;
			sourceTree = "<group>";
		};
		ADAC0FC020C277DD0060750A /* AddByClassification */ = {
			isa = PBXGroup;
			children = (
				ADB6168A20B91F7800B637D6 /* AddByClassificationViewController.swift */,
			);
			path = AddByClassification;
			sourceTree = "<group>";
		};
		ADAEAC2E20984E38001B44CF /* CalendarCell */ = {
			isa = PBXGroup;
			children = (
				AD2C8E4D2097558C0083B229 /* CalendarCell.swift */,
				AD2C8E4E2097558C0083B229 /* CalendarCell.xib */,
			);
			path = CalendarCell;
			sourceTree = "<group>";
		};
		ADAEAC2F20984E56001B44CF /* HorizontalCollectionViewCell */ = {
			isa = PBXGroup;
			children = (
				ADAEAC3020984E87001B44CF /* HorizontalCollectionViewCell.swift */,
				ADAEAC3120984E87001B44CF /* HorizontalCollectionViewCell.xib */,
			);
			path = HorizontalCollectionViewCell;
			sourceTree = "<group>";
		};
		ADAEAC342098501A001B44CF /* HorizontalCollectionView */ = {
			isa = PBXGroup;
			children = (
				ADAEAC352098506B001B44CF /* HorizontalCollectionView.swift */,
				ADAEAC362098506B001B44CF /* HorizontalCollectionView.xib */,
			);
			path = HorizontalCollectionView;
			sourceTree = "<group>";
		};
		ADAEAC3920985B25001B44CF /* CalendarView */ = {
			isa = PBXGroup;
			children = (
				ADAEAC462098670A001B44CF /* CalendarCollectionView.swift */,
				ADAEAC472098670A001B44CF /* CalendarCollectionView.xib */,
			);
			path = CalendarView;
			sourceTree = "<group>";
		};
		ADB6168720B90C1100B637D6 /* Support */ = {
			isa = PBXGroup;
			children = (
				ADB6168820B90C2A00B637D6 /* HintLabels.swift */,
				ADA469FC20BE40F800A80F25 /* GradientImageView.swift */,
			);
			path = Support;
			sourceTree = "<group>";
		};
		ADB6169120B958C700B637D6 /* MPHorizontalScrollView */ = {
			isa = PBXGroup;
			children = (
				ADB6169220B958E500B637D6 /* MPHorizontalScrollView.swift */,
				ADB6169420B9590600B637D6 /* MPHorizontalScrollView.xib */,
			);
			path = MPHorizontalScrollView;
			sourceTree = "<group>";
		};
		ADF599B020AD393300C73097 /* Firebase */ = {
			isa = PBXGroup;
			children = (
				ADF599B120AD394400C73097 /* MPFirebaseManager.swift */,
				AD260DD920AF1FFC007D4C89 /* MPFirebaseModel.swift */,
			);
			path = Firebase;
			sourceTree = "<group>";
		};
		ADF599B320ADBD5E00C73097 /* DiscoverCard */ = {
			isa = PBXGroup;
			children = (
				ADF599B820ADBDC700C73097 /* DiscoverCardView.xib */,
				ADF599BA20ADBEA600C73097 /* DiscoverCardView.swift */,
			);
			path = DiscoverCard;
			sourceTree = "<group>";
		};
		B8EDB626E49D95E5CD959838 /* Pods */ = {
			isa = PBXGroup;
			children = (
				91D3A854EB771AFC1F089BC5 /* Pods-MealPlan.debug.xcconfig */,
				D37309EFBDECF37451CD0041 /* Pods-MealPlan.release.xcconfig */,
			);
			name = Pods;
			sourceTree = "<group>";
		};
		F2D0D3FD2EFC071D86095695 /* Frameworks */ = {
			isa = PBXGroup;
			children = (
				7CCEE3EA7654681829386709 /* Pods_MealPlan.framework */,
			);
			name = Frameworks;
			sourceTree = "<group>";
		};
/* End PBXGroup section */

/* Begin PBXNativeTarget section */
		AD2C8E312096EFAD0083B229 /* MealPlan */ = {
			isa = PBXNativeTarget;
			buildConfigurationList = AD2C8E442096EFAF0083B229 /* Build configuration list for PBXNativeTarget "MealPlan" */;
			buildPhases = (
				1E338DD10BC29A0C57B7B9DF /* [CP] Check Pods Manifest.lock */,
				AD2C8E2E2096EFAD0083B229 /* Sources */,
				AD2C8E2F2096EFAD0083B229 /* Frameworks */,
				AD2C8E302096EFAD0083B229 /* Resources */,
				F14245C08D98BA4C4952AAC6 /* [CP] Embed Pods Frameworks */,
				AD1F70C320BBB10300283A33 /* ShellScript */,
			);
			buildRules = (
			);
			dependencies = (
			);
			name = MealPlan;
			productName = MealPlan;
			productReference = AD2C8E322096EFAD0083B229 /* MealPlan.app */;
			productType = "com.apple.product-type.application";
		};
/* End PBXNativeTarget section */

/* Begin PBXProject section */
		AD2C8E2A2096EFAD0083B229 /* Project object */ = {
			isa = PBXProject;
			attributes = {
				LastSwiftUpdateCheck = 0930;
				LastUpgradeCheck = 0930;
				ORGANIZATIONNAME = "Kevin Liao";
				TargetAttributes = {
					AD2C8E312096EFAD0083B229 = {
						CreatedOnToolsVersion = 9.3;
					};
				};
			};
			buildConfigurationList = AD2C8E2D2096EFAD0083B229 /* Build configuration list for PBXProject "MealPlan" */;
			compatibilityVersion = "Xcode 9.3";
			developmentRegion = en;
			hasScannedForEncodings = 0;
			knownRegions = (
				en,
				Base,
			);
			mainGroup = AD2C8E292096EFAD0083B229;
			productRefGroup = AD2C8E332096EFAD0083B229 /* Products */;
			projectDirPath = "";
			projectRoot = "";
			targets = (
				AD2C8E312096EFAD0083B229 /* MealPlan */,
			);
		};
/* End PBXProject section */

/* Begin PBXResourcesBuildPhase section */
		AD2C8E302096EFAD0083B229 /* Resources */ = {
			isa = PBXResourcesBuildPhase;
			buildActionMask = 2147483647;
			files = (
				AD59477820B024B500B9C915 /* Login.storyboard in Resources */,
				AD72B8B420BFF39300A4C978 /* MPIngredientAddButtonTableViewCell.xib in Resources */,
				ADAA4DAB20AC1319002F9658 /* RecipeNoteView.xib in Resources */,
				AD5D381220B3EB4E004B65BF /* AddRecipeInformationSliderCell.xib in Resources */,
				ADAEAC3320984E87001B44CF /* HorizontalCollectionViewCell.xib in Resources */,
				AD72B8A220BF972D00A4C978 /* RecipeStepCollectionViewCell.xib in Resources */,
				ADF599AE20AD35C100C73097 /* GoogleService-Info.plist in Resources */,
				AD2C8E402096EFAF0083B229 /* LaunchScreen.storyboard in Resources */,
				AD2C8E3D2096EFAF0083B229 /* Assets.xcassets in Resources */,
				AD5D382820B455E4004B65BF /* NutrientsEditCell.xib in Resources */,
				AD85E55D20B1A42D002B80EB /* AddRecipeInformationTextFieldCell.xib in Resources */,
				AD59477520B01B0300B9C915 /* MealPlan.storyboard in Resources */,
				AD8A087F209ED65000C3DB84 /* RecipeTableViewCell.xib in Resources */,
				ADA38AAF20BF2CCE00DE86F6 /* RecipeStepTableViewCell.xib in Resources */,
				AD59477320B01AA400B9C915 /* Discovery.storyboard in Resources */,
				AD2C8E3B2096EFAD0083B229 /* Main.storyboard in Resources */,
				AD72B8BB20BFF61300A4C978 /* MPIngredientAddButtonView.xib in Resources */,
				AD7C009720B6721F004F40E7 /* RecipeDetailIngredientCell.xib in Resources */,
				ADB6169520B9590600B637D6 /* MPHorizontalScrollView.xib in Resources */,
				ADAEAC492098670A001B44CF /* CalendarCollectionView.xib in Resources */,
				AD4E2CF420A14C6300C4573F /* RecipeSearchResultCell.xib in Resources */,
				ADAEAC382098506B001B44CF /* HorizontalCollectionView.xib in Resources */,
				AD00236E20C0705500ED7AD0 /* Search.storyboard in Resources */,
				ADF599B920ADBDC700C73097 /* DiscoverCardView.xib in Resources */,
				AD85E56220B1AE82002B80EB /* AddRecipeInformationTextFieldWithImageCell.xib in Resources */,
				AD5D380A20B3E5EF004B65BF /* MPSliderView.xib in Resources */,
				AD5D381D20B4501C004B65BF /* MPNutrientsEditView.xib in Resources */,
				AD72B8AD20BFDE2000A4C978 /* IngredientEditTableViewCell.xib in Resources */,
				AD2C8E502097558C0083B229 /* CalendarCell.xib in Resources */,
			);
			runOnlyForDeploymentPostprocessing = 0;
		};
/* End PBXResourcesBuildPhase section */

/* Begin PBXShellScriptBuildPhase section */
		1E338DD10BC29A0C57B7B9DF /* [CP] Check Pods Manifest.lock */ = {
			isa = PBXShellScriptBuildPhase;
			buildActionMask = 2147483647;
			files = (
			);
			inputPaths = (
				"${PODS_PODFILE_DIR_PATH}/Podfile.lock",
				"${PODS_ROOT}/Manifest.lock",
			);
			name = "[CP] Check Pods Manifest.lock";
			outputPaths = (
				"$(DERIVED_FILE_DIR)/Pods-MealPlan-checkManifestLockResult.txt",
			);
			runOnlyForDeploymentPostprocessing = 0;
			shellPath = /bin/sh;
			shellScript = "diff \"${PODS_PODFILE_DIR_PATH}/Podfile.lock\" \"${PODS_ROOT}/Manifest.lock\" > /dev/null\nif [ $? != 0 ] ; then\n    # print error to STDERR\n    echo \"error: The sandbox is not in sync with the Podfile.lock. Run 'pod install' or update your CocoaPods installation.\" >&2\n    exit 1\nfi\n# This output is used by Xcode 'outputs' to avoid re-running this script phase.\necho \"SUCCESS\" > \"${SCRIPT_OUTPUT_FILE_0}\"\n";
			showEnvVarsInLog = 0;
		};
		AD1F70C320BBB10300283A33 /* ShellScript */ = {
			isa = PBXShellScriptBuildPhase;
			buildActionMask = 2147483647;
			files = (
			);
			inputPaths = (
			);
			outputPaths = (
			);
			runOnlyForDeploymentPostprocessing = 0;
			shellPath = /bin/sh;
			shellScript = "\"${PODS_ROOT}/Fabric/run\" 4c93abfc2b3f66de90b2c4f39dbdbac1a7a80be8 dca1fd38a3c9e09ba4b6e41d0eefad331d28947587f0cf0fb8d47b4eabf9517d";
		};
		F14245C08D98BA4C4952AAC6 /* [CP] Embed Pods Frameworks */ = {
			isa = PBXShellScriptBuildPhase;
			buildActionMask = 2147483647;
			files = (
			);
			inputPaths = (
				"${SRCROOT}/Pods/Target Support Files/Pods-MealPlan/Pods-MealPlan-frameworks.sh",
				"${BUILT_PRODUCTS_DIR}/Alamofire/Alamofire.framework",
				"${BUILT_PRODUCTS_DIR}/Charts/Charts.framework",
				"${BUILT_PRODUCTS_DIR}/GoogleToolboxForMac/GoogleToolboxForMac.framework",
				"${BUILT_PRODUCTS_DIR}/IQKeyboardManagerSwift/IQKeyboardManagerSwift.framework",
				"${BUILT_PRODUCTS_DIR}/JTAppleCalendar/JTAppleCalendar.framework",
				"${BUILT_PRODUCTS_DIR}/Realm/Realm.framework",
				"${BUILT_PRODUCTS_DIR}/RealmSwift/RealmSwift.framework",
				"${BUILT_PRODUCTS_DIR}/SDWebImage/SDWebImage.framework",
				"${BUILT_PRODUCTS_DIR}/leveldb-library/leveldb.framework",
				"${BUILT_PRODUCTS_DIR}/nanopb/nanopb.framework",
			);
			name = "[CP] Embed Pods Frameworks";
			outputPaths = (
				"${TARGET_BUILD_DIR}/${FRAMEWORKS_FOLDER_PATH}/Alamofire.framework",
				"${TARGET_BUILD_DIR}/${FRAMEWORKS_FOLDER_PATH}/Charts.framework",
				"${TARGET_BUILD_DIR}/${FRAMEWORKS_FOLDER_PATH}/GoogleToolboxForMac.framework",
				"${TARGET_BUILD_DIR}/${FRAMEWORKS_FOLDER_PATH}/IQKeyboardManagerSwift.framework",
				"${TARGET_BUILD_DIR}/${FRAMEWORKS_FOLDER_PATH}/JTAppleCalendar.framework",
				"${TARGET_BUILD_DIR}/${FRAMEWORKS_FOLDER_PATH}/Realm.framework",
				"${TARGET_BUILD_DIR}/${FRAMEWORKS_FOLDER_PATH}/RealmSwift.framework",
				"${TARGET_BUILD_DIR}/${FRAMEWORKS_FOLDER_PATH}/SDWebImage.framework",
				"${TARGET_BUILD_DIR}/${FRAMEWORKS_FOLDER_PATH}/leveldb.framework",
				"${TARGET_BUILD_DIR}/${FRAMEWORKS_FOLDER_PATH}/nanopb.framework",
			);
			runOnlyForDeploymentPostprocessing = 0;
			shellPath = /bin/sh;
			shellScript = "\"${SRCROOT}/Pods/Target Support Files/Pods-MealPlan/Pods-MealPlan-frameworks.sh\"\n";
			showEnvVarsInLog = 0;
		};
/* End PBXShellScriptBuildPhase section */

/* Begin PBXSourcesBuildPhase section */
		AD2C8E2E2096EFAD0083B229 /* Sources */ = {
			isa = PBXSourcesBuildPhase;
			buildActionMask = 2147483647;
			files = (
				AD59477120B019D900B9C915 /* MPTabBarController.swift in Sources */,
				ADAEAC2B20981F33001B44CF /* MPTableViewController.swift in Sources */,
				AD5D381820B42168004B65BF /* SaveImageManager.swift in Sources */,
				AD4E2CF720A175E700C4573F /* AddPageAnimationController.swift in Sources */,
				ADB8797520BDB659005FFA8D /* DrawLineView.swift in Sources */,
				ADC3426720B7E85D00B2F04C /* MPRecipeDetailStepsViewController.swift in Sources */,
				AD7C009620B6721F004F40E7 /* RecipeDetailIngredientCell.swift in Sources */,
				AD566B49209B0545009915F3 /* AddPageHistoryController.swift in Sources */,
				AD2C8E382096EFAD0083B229 /* ViewController.swift in Sources */,
				AD6ED3F520B2B83800B194BF /* TextViewController.swift in Sources */,
				AD72B8AC20BFDE2000A4C978 /* IngredientEditTableViewCell.swift in Sources */,
				ADA4342620A04B16002C7148 /* SearchViewController.swift in Sources */,
				ADA38AAE20BF2CCE00DE86F6 /* RecipeStepTableViewCell.swift in Sources */,
				AD6FB22320A97FFD0000A44F /* MPRecipeDetailWebViewController.swift in Sources */,
				AD1D9230209B737400B9AFE9 /* MPError.swift in Sources */,
				AD428EE420A2C6C200A04A32 /* RecipeCalendarModel.swift in Sources */,
				ADB6168920B90C2A00B637D6 /* HintLabels.swift in Sources */,
				ADF599BD20ADC5A100C73097 /* DiscoveryPageViewController.swift in Sources */,
				AD566B4B209B0649009915F3 /* AddPageViewController.swift in Sources */,
				AD6C0C5620A7FBB100EE49CA /* MPRecipeDetailViewController.swift in Sources */,
				ADA38AA820BF000100DE86F6 /* AddRecipeStepsViewController.swift in Sources */,
				AD8A087B209EB47600C3DB84 /* AddPagePopupTableViewController.swift in Sources */,
				ADB6169320B958E500B637D6 /* MPHorizontalScrollView.swift in Sources */,
				AD5380F320B724D900B63062 /* DrawCameraLineManager.swift in Sources */,
				AD72B8B920BFF5FF00A4C978 /* MPIngredientAddButtonView.swift in Sources */,
				AD1D922E209B6B5200B9AFE9 /* MPHttpRequest.swift in Sources */,
				AD94BB3620A71D6600D3B791 /* AddPagePopupView.swift in Sources */,
				AD5D381F20B45278004B65BF /* NutrientsEditViewController.swift in Sources */,
				ADAEAC372098506B001B44CF /* HorizontalCollectionView.swift in Sources */,
				AD72B8A120BF972D00A4C978 /* RecipeStepCollectionViewCell.swift in Sources */,
				AD72B8B320BFF39300A4C978 /* MPIngredientAddButtonTableViewCell.swift in Sources */,
				AD8A0882209F41B800C3DB84 /* RecipeClassModel.swift in Sources */,
				ADAEAC482098670A001B44CF /* CalendarCollectionView.swift in Sources */,
				AD85E55C20B1A42D002B80EB /* AddRecipeInformationTextFieldCell.swift in Sources */,
				ADAEAC3B20985B98001B44CF /* MPCollectionViewController.swift in Sources */,
				ADAEAC3220984E87001B44CF /* HorizontalCollectionViewCell.swift in Sources */,
				AD428EE620A32D1E00A04A32 /* AddPagePopupNavigationController.swift in Sources */,
				AD2C8E4C20971AFA0083B229 /* CustomCell.swift in Sources */,
				AD5D381120B3EB4E004B65BF /* AddRecipeInformationSliderCell.swift in Sources */,
				AD6FB21F20A971060000A44F /* RecipeDetailTitle.swift in Sources */,
				AD2F274320AA96CB00F8CA1B /* CameraViewController.swift in Sources */,
				AD5D381420B3F86F004B65BF /* SliderViewController.swift in Sources */,
				ADA4342420A03C6E002C7148 /* AddPageTag.swift in Sources */,
				AD679E5C209C284E00039ED4 /* RecipeModel.swift in Sources */,
				AD428EE220A2C66700A04A32 /* RealmManager.swift in Sources */,
				AD94BB3820A7E7CE00D3B791 /* ZoomTransitionDelegate.swift in Sources */,
				AD85E56120B1AE82002B80EB /* AddRecipeInformationTextFieldWithImageCell.swift in Sources */,
				ADB6168B20B91F7800B637D6 /* AddByClassificationViewController.swift in Sources */,
				AD4E2CF320A14C6300C4573F /* RecipeSearchResultCell.swift in Sources */,
				AD5D380D20B3E6F8004B65BF /* MPSliderView.swift in Sources */,
				AD72B89A20BF940700A4C978 /* MPIndependentCollectionViewController.swift in Sources */,
				ADB6169020B9581A00B637D6 /* MPHorizontalScrollViewController.swift in Sources */,
				AD2C8E362096EFAD0083B229 /* AppDelegate.swift in Sources */,
				AD72B8B620BFF3DB00A4C978 /* IngredientAddButtonViewController.swift in Sources */,
				AD5D381620B41F6A004B65BF /* AlertManager.swift in Sources */,
				ADF599BB20ADBEA600C73097 /* DiscoverCardView.swift in Sources */,
				AD57814D20A47C5900130388 /* DateFormatManager.swift in Sources */,
				AD72B8AF20BFE54A00A4C978 /* AddRecipeIngredientViewController.swift in Sources */,
				AD8A087E209ED65000C3DB84 /* RecipeTableViewCell.swift in Sources */,
				ADF599B220AD394400C73097 /* MPFirebaseManager.swift in Sources */,
				AD81675B20BD500100C61849 /* CreateRecipeStepsViewController.swift in Sources */,
				AD85E55820B19561002B80EB /* AddRecipeInformationViewController.swift in Sources */,
				AD6FD06620B0680100148414 /* TestViewController.swift in Sources */,
				ADA469FD20BE40F800A80F25 /* GradientImageView.swift in Sources */,
				AD5D381B20B45003004B65BF /* MPNutrientsEditView.swift in Sources */,
				AD6ED3F320B2B3A600B194BF /* NSLayoutConstraintExtension.swift in Sources */,
				AD7044242099A5590022E15D /* MPPieChart.swift in Sources */,
				AD5D382720B455E4004B65BF /* NutrientsEditCell.swift in Sources */,
				AD679E5E209C308500039ED4 /* RecipeProvider.swift in Sources */,
				ADAA4DAA20AC1319002F9658 /* RecipeNoteView.swift in Sources */,
				AD59477A20B0367500B9C915 /* PopupButtonsManager.swift in Sources */,
				AD53A1F4209FF15D0016E4D1 /* MPTagViewController.swift in Sources */,
				ADAC0FC220C2965F0060750A /* AddToCalendarViewController.swift in Sources */,
				AD260DDA20AF1FFC007D4C89 /* MPFirebaseModel.swift in Sources */,
				ADAEAC2D20983CA6001B44CF /* MealPlanViewController.swift in Sources */,
				AD2C8E4F2097558C0083B229 /* CalendarCell.swift in Sources */,
				AD85E56620B1C36B002B80EB /* ImagePickerViewController.swift in Sources */,
				AD1D9232209B759F00B9AFE9 /* MPHttpClient.swift in Sources */,
				AD679E60209C37ED00039ED4 /* RecipeManager.swift in Sources */,
				ADAEAC4520985E53001B44CF /* MPCalendarView.swift in Sources */,
				AD81675920BD4E9300C61849 /* MPScrollNavigationViewController.swift in Sources */,
				ADA38AAA20BF1EDB00DE86F6 /* AddRecipeStepViewController.swift in Sources */,
				ADB6169720B9785800B637D6 /* MPSelectionTagViewController.swift in Sources */,
				AD566B4D209B0B6F009915F3 /* AddPagePickupController.swift in Sources */,
				AD2F274120AA95E900F8CA1B /* PhotoViewController.swift in Sources */,
			);
			runOnlyForDeploymentPostprocessing = 0;
		};
/* End PBXSourcesBuildPhase section */

/* Begin PBXVariantGroup section */
		AD2C8E392096EFAD0083B229 /* Main.storyboard */ = {
			isa = PBXVariantGroup;
			children = (
				AD2C8E3A2096EFAD0083B229 /* Base */,
			);
			name = Main.storyboard;
			sourceTree = "<group>";
		};
		AD2C8E3E2096EFAF0083B229 /* LaunchScreen.storyboard */ = {
			isa = PBXVariantGroup;
			children = (
				AD2C8E3F2096EFAF0083B229 /* Base */,
			);
			name = LaunchScreen.storyboard;
			sourceTree = "<group>";
		};
/* End PBXVariantGroup section */

/* Begin XCBuildConfiguration section */
		AD2C8E422096EFAF0083B229 /* Debug */ = {
			isa = XCBuildConfiguration;
			buildSettings = {
				ALWAYS_SEARCH_USER_PATHS = NO;
				CLANG_ANALYZER_NONNULL = YES;
				CLANG_ANALYZER_NUMBER_OBJECT_CONVERSION = YES_AGGRESSIVE;
				CLANG_CXX_LANGUAGE_STANDARD = "gnu++14";
				CLANG_CXX_LIBRARY = "libc++";
				CLANG_ENABLE_MODULES = YES;
				CLANG_ENABLE_OBJC_ARC = YES;
				CLANG_ENABLE_OBJC_WEAK = YES;
				CLANG_WARN_BLOCK_CAPTURE_AUTORELEASING = YES;
				CLANG_WARN_BOOL_CONVERSION = YES;
				CLANG_WARN_COMMA = YES;
				CLANG_WARN_CONSTANT_CONVERSION = YES;
				CLANG_WARN_DEPRECATED_OBJC_IMPLEMENTATIONS = YES;
				CLANG_WARN_DIRECT_OBJC_ISA_USAGE = YES_ERROR;
				CLANG_WARN_DOCUMENTATION_COMMENTS = YES;
				CLANG_WARN_EMPTY_BODY = YES;
				CLANG_WARN_ENUM_CONVERSION = YES;
				CLANG_WARN_INFINITE_RECURSION = YES;
				CLANG_WARN_INT_CONVERSION = YES;
				CLANG_WARN_NON_LITERAL_NULL_CONVERSION = YES;
				CLANG_WARN_OBJC_IMPLICIT_RETAIN_SELF = YES;
				CLANG_WARN_OBJC_LITERAL_CONVERSION = YES;
				CLANG_WARN_OBJC_ROOT_CLASS = YES_ERROR;
				CLANG_WARN_RANGE_LOOP_ANALYSIS = YES;
				CLANG_WARN_STRICT_PROTOTYPES = YES;
				CLANG_WARN_SUSPICIOUS_MOVE = YES;
				CLANG_WARN_UNGUARDED_AVAILABILITY = YES_AGGRESSIVE;
				CLANG_WARN_UNREACHABLE_CODE = YES;
				CLANG_WARN__DUPLICATE_METHOD_MATCH = YES;
				CODE_SIGN_IDENTITY = "iPhone Developer";
				COPY_PHASE_STRIP = NO;
				DEBUG_INFORMATION_FORMAT = "dwarf-with-dsym";
				ENABLE_STRICT_OBJC_MSGSEND = YES;
				ENABLE_TESTABILITY = YES;
				GCC_C_LANGUAGE_STANDARD = gnu11;
				GCC_DYNAMIC_NO_PIC = NO;
				GCC_NO_COMMON_BLOCKS = YES;
				GCC_OPTIMIZATION_LEVEL = 0;
				GCC_PREPROCESSOR_DEFINITIONS = (
					"DEBUG=1",
					"$(inherited)",
				);
				GCC_WARN_64_TO_32_BIT_CONVERSION = YES;
				GCC_WARN_ABOUT_RETURN_TYPE = YES_ERROR;
				GCC_WARN_UNDECLARED_SELECTOR = YES;
				GCC_WARN_UNINITIALIZED_AUTOS = YES_AGGRESSIVE;
				GCC_WARN_UNUSED_FUNCTION = YES;
				GCC_WARN_UNUSED_VARIABLE = YES;
				IPHONEOS_DEPLOYMENT_TARGET = 11.3;
				MTL_ENABLE_DEBUG_INFO = YES;
				ONLY_ACTIVE_ARCH = YES;
				SDKROOT = iphoneos;
				SWIFT_ACTIVE_COMPILATION_CONDITIONS = DEBUG;
				SWIFT_OPTIMIZATION_LEVEL = "-Onone";
			};
			name = Debug;
		};
		AD2C8E432096EFAF0083B229 /* Release */ = {
			isa = XCBuildConfiguration;
			buildSettings = {
				ALWAYS_SEARCH_USER_PATHS = NO;
				CLANG_ANALYZER_NONNULL = YES;
				CLANG_ANALYZER_NUMBER_OBJECT_CONVERSION = YES_AGGRESSIVE;
				CLANG_CXX_LANGUAGE_STANDARD = "gnu++14";
				CLANG_CXX_LIBRARY = "libc++";
				CLANG_ENABLE_MODULES = YES;
				CLANG_ENABLE_OBJC_ARC = YES;
				CLANG_ENABLE_OBJC_WEAK = YES;
				CLANG_WARN_BLOCK_CAPTURE_AUTORELEASING = YES;
				CLANG_WARN_BOOL_CONVERSION = YES;
				CLANG_WARN_COMMA = YES;
				CLANG_WARN_CONSTANT_CONVERSION = YES;
				CLANG_WARN_DEPRECATED_OBJC_IMPLEMENTATIONS = YES;
				CLANG_WARN_DIRECT_OBJC_ISA_USAGE = YES_ERROR;
				CLANG_WARN_DOCUMENTATION_COMMENTS = YES;
				CLANG_WARN_EMPTY_BODY = YES;
				CLANG_WARN_ENUM_CONVERSION = YES;
				CLANG_WARN_INFINITE_RECURSION = YES;
				CLANG_WARN_INT_CONVERSION = YES;
				CLANG_WARN_NON_LITERAL_NULL_CONVERSION = YES;
				CLANG_WARN_OBJC_IMPLICIT_RETAIN_SELF = YES;
				CLANG_WARN_OBJC_LITERAL_CONVERSION = YES;
				CLANG_WARN_OBJC_ROOT_CLASS = YES_ERROR;
				CLANG_WARN_RANGE_LOOP_ANALYSIS = YES;
				CLANG_WARN_STRICT_PROTOTYPES = YES;
				CLANG_WARN_SUSPICIOUS_MOVE = YES;
				CLANG_WARN_UNGUARDED_AVAILABILITY = YES_AGGRESSIVE;
				CLANG_WARN_UNREACHABLE_CODE = YES;
				CLANG_WARN__DUPLICATE_METHOD_MATCH = YES;
				CODE_SIGN_IDENTITY = "iPhone Developer";
				COPY_PHASE_STRIP = NO;
				DEBUG_INFORMATION_FORMAT = "dwarf-with-dsym";
				ENABLE_NS_ASSERTIONS = NO;
				ENABLE_STRICT_OBJC_MSGSEND = YES;
				GCC_C_LANGUAGE_STANDARD = gnu11;
				GCC_NO_COMMON_BLOCKS = YES;
				GCC_WARN_64_TO_32_BIT_CONVERSION = YES;
				GCC_WARN_ABOUT_RETURN_TYPE = YES_ERROR;
				GCC_WARN_UNDECLARED_SELECTOR = YES;
				GCC_WARN_UNINITIALIZED_AUTOS = YES_AGGRESSIVE;
				GCC_WARN_UNUSED_FUNCTION = YES;
				GCC_WARN_UNUSED_VARIABLE = YES;
				IPHONEOS_DEPLOYMENT_TARGET = 11.3;
				MTL_ENABLE_DEBUG_INFO = NO;
				SDKROOT = iphoneos;
				SWIFT_COMPILATION_MODE = wholemodule;
				SWIFT_OPTIMIZATION_LEVEL = "-O";
				VALIDATE_PRODUCT = YES;
			};
			name = Release;
		};
		AD2C8E452096EFAF0083B229 /* Debug */ = {
			isa = XCBuildConfiguration;
			baseConfigurationReference = 91D3A854EB771AFC1F089BC5 /* Pods-MealPlan.debug.xcconfig */;
			buildSettings = {
				ASSETCATALOG_COMPILER_APPICON_NAME = AppIcon;
				CODE_SIGN_STYLE = Automatic;
				DEVELOPMENT_TEAM = KLL3688WWP;
				INFOPLIST_FILE = MealPlan/Info.plist;
				IPHONEOS_DEPLOYMENT_TARGET = 11.0;
				LD_RUNPATH_SEARCH_PATHS = (
					"$(inherited)",
					"@executable_path/Frameworks",
				);
				PRODUCT_BUNDLE_IDENTIFIER = com.MealPlan.KevinLiao;
				PRODUCT_NAME = "$(TARGET_NAME)";
				SWIFT_VERSION = 4.0;
				TARGETED_DEVICE_FAMILY = 1;
			};
			name = Debug;
		};
		AD2C8E462096EFAF0083B229 /* Release */ = {
			isa = XCBuildConfiguration;
			baseConfigurationReference = D37309EFBDECF37451CD0041 /* Pods-MealPlan.release.xcconfig */;
			buildSettings = {
				ASSETCATALOG_COMPILER_APPICON_NAME = AppIcon;
				CODE_SIGN_STYLE = Automatic;
				DEVELOPMENT_TEAM = KLL3688WWP;
				INFOPLIST_FILE = MealPlan/Info.plist;
				IPHONEOS_DEPLOYMENT_TARGET = 11.0;
				LD_RUNPATH_SEARCH_PATHS = (
					"$(inherited)",
					"@executable_path/Frameworks",
				);
				PRODUCT_BUNDLE_IDENTIFIER = com.MealPlan.KevinLiao;
				PRODUCT_NAME = "$(TARGET_NAME)";
				SWIFT_VERSION = 4.0;
				TARGETED_DEVICE_FAMILY = 1;
			};
			name = Release;
		};
/* End XCBuildConfiguration section */

/* Begin XCConfigurationList section */
		AD2C8E2D2096EFAD0083B229 /* Build configuration list for PBXProject "MealPlan" */ = {
			isa = XCConfigurationList;
			buildConfigurations = (
				AD2C8E422096EFAF0083B229 /* Debug */,
				AD2C8E432096EFAF0083B229 /* Release */,
			);
			defaultConfigurationIsVisible = 0;
			defaultConfigurationName = Release;
		};
		AD2C8E442096EFAF0083B229 /* Build configuration list for PBXNativeTarget "MealPlan" */ = {
			isa = XCConfigurationList;
			buildConfigurations = (
				AD2C8E452096EFAF0083B229 /* Debug */,
				AD2C8E462096EFAF0083B229 /* Release */,
			);
			defaultConfigurationIsVisible = 0;
			defaultConfigurationName = Release;
		};
/* End XCConfigurationList section */
	};
	rootObject = AD2C8E2A2096EFAD0083B229 /* Project object */;
}
